PODS:
  - AFNetworking (1.3.3)
  - AFOAuth2Client (0.1.2):
    - AFNetworking (~> 1.3)
  - CocoaLumberjack (1.8.0):
    - CocoaLumberjack/Extensions
  - CocoaLumberjack/Core (1.8.0)
  - CocoaLumberjack/Extensions (1.8.0):
    - CocoaLumberjack/Core
  - HexColors (2.2.1)
  - INAppStoreWindow (1.4)
  - JAListView (0.0.1)
  - Mantle (1.3.1):
    - Mantle/extobjc
  - Mantle/extobjc (1.3.1)
  - NSAttributedString+CCLFormat (1.0.0)
  - Reachability (3.1.1)
  - ReactiveCocoa (2.2.3):
    - ReactiveCocoa/Core
    - ReactiveCocoa/no-arc
  - ReactiveCocoa/Core (2.2.3):
    - ReactiveCocoa/no-arc
  - ReactiveCocoa/no-arc (2.2.3)
  - ReactiveViewModel (0.2):
    - ReactiveCocoa (~> 2.1)
  - Rebel (0.3.2):
    - Rebel/NSColorExtensions
  - Rebel/NSColorExtensions (0.3.2)
  - RHPreferences (1.0.0)
  - SEHumanizedTimeDiff (0.0.1)
  - SORelativeDateTransformer (1.1.10)
  - StartAtLoginController (0.0.1)
  - YOLOKit (7)

DEPENDENCIES:
  - AFNetworking (~> 1.3.3)
  - AFOAuth2Client (~> 0.1.2)
  - CocoaLumberjack (~> 1.8.0)
  - HexColors (~> 2.2.1)
  - INAppStoreWindow (~> 1.4)
  - JAListView (~> 0.0.1)
  - Mantle (~> 1.1)
  - NSAttributedString+CCLFormat (~> 1.0.0)
  - Reachability (~> 3.1.0)
  - ReactiveCocoa (~> 2.2.3)
  - ReactiveViewModel (~> 0.2)
  - Rebel (~> 0.3.2)
  - RHPreferences (~> 1.0.0)
  - SEHumanizedTimeDiff (from `https://github.com/sarperdag/SEHumanizedTimeDiff.git`)
  - SORelativeDateTransformer (~> 1.1.9)
  - StartAtLoginController (~> 0.0.1)
  - YOLOKit (~> 7)

EXTERNAL SOURCES:
  SEHumanizedTimeDiff:
    :git: https://github.com/sarperdag/SEHumanizedTimeDiff.git

SPEC CHECKSUMS:
  AFNetworking: 61fdd49e2ffe6380378df37b3b6e70630bb9dd66
  AFOAuth2Client: 579d6f298b0047dfd5a6eec6ab5b28c01f6b4547
  CocoaLumberjack: 6ed94046d2ca7fde03a73b3d01b8cfc56574b314
  HexColors: 3a68db077cd6572a8f7d4aa1add284dd2436a934
  INAppStoreWindow: 5a9eedcedc3ec95e7d8a12292de584b760d96c76
  JAListView: 7fb73768382a93a0cf48e18828709ef3240911fc
  Mantle: abc3b0c81bc66eb624cf9cebb8640e377d5a44ae
  NSAttributedString+CCLFormat: 365cb9f560c6594855851925ec0e2b5ff2654bff
  Reachability: be4883bb93f31e38266ae3365e5600a317aae735
  ReactiveCocoa: b3cb6ebd50f1a0f2e39c6fd7ce3c428b6efcb22b
  ReactiveViewModel: f636ab3e06b5e69664b69c883fcdb457ab5cb0cb
  Rebel: 62fb32b3b4c06ce3d73e226f7d8fc51ad1b70d10
  RHPreferences: 0725b8c28519a1f4fe7002765dd6b4333b966fdd
  SEHumanizedTimeDiff: e3f008da091ec0d743dbacf0bc5ef2802d284248
  SORelativeDateTransformer: eba9b9bcc290eb7c9754b9955ace59b890fa59f8
  StartAtLoginController: 7ab3011175dbcce1f887cc004fb5faabf29aba8d
  YOLOKit: b87148f86b4e254b1beae49478ba9375e4ae852a

COCOAPODS: 0.29.0
