PODS:
  - AFNetworking (1.3.0)
  - AFOAuth2Client (0.1.1):
    - AFNetworking (~> 1.0)
  - libextobjc/EXTKeyPathCoding (0.2.5):
    - libextobjc/RuntimeExtensions
  - libextobjc/EXTScope (0.2.5):
    - libextobjc/RuntimeExtensions
  - libextobjc/RuntimeExtensions (0.2.5)
  - Mantle (1.1):
    - libextobjc/EXTKeyPathCoding
    - libextobjc/EXTScope
  - OBMenuBarWindow (0.0.1)
  - PXListView (0.0.1)
  - RHPreferences (1.0.0)
  - SORelativeDateTransformer (1.1.8)
  - StartAtLoginController (0.0.1)

DEPENDENCIES:
  - AFNetworking (~> 1.3.0)
  - AFOAuth2Client (~> 0.1.1)
  - Mantle (~> 1.1)
  - OBMenuBarWindow (~> 0.0.1)
  - PXListView (~> 0.0.1)
  - RHPreferences (~> 1.0.0)
  - SORelativeDateTransformer (~> 1.1.8)
  - StartAtLoginController (~> 0.0.1)

SPEC CHECKSUMS:
  AFNetworking: e528f20d06b1b818c3571266fb5efa20031a8ace
  AFOAuth2Client: 039596f19e8a4bdd852cb3fc44ddbe45e12c290a
  libextobjc: 2cbc74caf8bdc74a86fdf24673f773c83424ea98
  Mantle: aba2facc6ee8f97512a94768dc57c82b7802948c
  OBMenuBarWindow: 70b2741217b6b17670e7427fd29b1ff13d0c349a
  PXListView: 5fac830cb89dd5e7c7bc10cc1c13a21e03e0ba69
  RHPreferences: 0725b8c28519a1f4fe7002765dd6b4333b966fdd
  SORelativeDateTransformer: 96abecdbe7a384ed65974b34a0497222a8878720
  StartAtLoginController: 9cb4e6537cc7d2e3fde1ccbaea2fdecd0c07fe5d

COCOAPODS: 0.20.2
