// !$*UTF8*$!
{
	archiveVersion = 1;
	classes = {
	};
	objectVersion = 46;
	objects = {

/* Begin PBXBuildFile section */
		9301E9E4176A478300C46750 /* EmptyErrorView.xib in Resources */ = {isa = PBXBuildFile; fileRef = 9301E9E2176A478300C46750 /* EmptyErrorView.xib */; };
		9301E9E6176A635800C46750 /* TwitchLogoWhite.pdf in Resources */ = {isa = PBXBuildFile; fileRef = 9301E9E5176A635800C46750 /* TwitchLogoWhite.pdf */; };
		9310D0F01780FBA80052C25C /* MainWindow.m in Sources */ = {isa = PBXBuildFile; fileRef = 9310D0EF1780FBA80052C25C /* MainWindow.m */; };
		931E252A1778B7B20081162C /* EmptyErrorView.m in Sources */ = {isa = PBXBuildFile; fileRef = 931E25291778B7B20081162C /* EmptyErrorView.m */; };
		931E253C17790FC20081162C /* NSLayoutConstraint+Equations.m in Sources */ = {isa = PBXBuildFile; fileRef = 931E253B17790FC20081162C /* NSLayoutConstraint+Equations.m */; };
		931E254217791FC70081162C /* InnerShadowView.m in Sources */ = {isa = PBXBuildFile; fileRef = 931E254117791FC70081162C /* InnerShadowView.m */; };
		9324239D17728FBF00374EB9 /* EmptyStreamList.png in Resources */ = {isa = PBXBuildFile; fileRef = 9324239B17728FBF00374EB9 /* EmptyStreamList.png */; };
		9324239E17728FBF00374EB9 /* EmptyStreamList@2x.png in Resources */ = {isa = PBXBuildFile; fileRef = 9324239C17728FBF00374EB9 /* EmptyStreamList@2x.png */; };
		932423A11772945800374EB9 /* LoginKeys.png in Resources */ = {isa = PBXBuildFile; fileRef = 9324239F1772945800374EB9 /* LoginKeys.png */; };
		932423A21772945800374EB9 /* LoginKeys@2x.png in Resources */ = {isa = PBXBuildFile; fileRef = 932423A01772945800374EB9 /* LoginKeys@2x.png */; };
		932423A41772950A00374EB9 /* LoginRequiredView.xib in Resources */ = {isa = PBXBuildFile; fileRef = 932423A31772950A00374EB9 /* LoginRequiredView.xib */; };
		932C299A1761AE0B0049EC1B /* Cocoa.framework in Frameworks */ = {isa = PBXBuildFile; fileRef = 932C29991761AE0B0049EC1B /* Cocoa.framework */; };
		932C29BD1761AF0B0049EC1B /* main.m in Sources */ = {isa = PBXBuildFile; fileRef = 932C29BA1761AF0B0049EC1B /* main.m */; };
		932C29C41761AF460049EC1B /* Credits.rtf in Resources */ = {isa = PBXBuildFile; fileRef = 932C29BE1761AF460049EC1B /* Credits.rtf */; };
		932C29C51761AF460049EC1B /* InfoPlist.strings in Resources */ = {isa = PBXBuildFile; fileRef = 932C29C01761AF460049EC1B /* InfoPlist.strings */; };
		932C29C91761AF800049EC1B /* ShiverApplication.m in Sources */ = {isa = PBXBuildFile; fileRef = 932C29C81761AF800049EC1B /* ShiverApplication.m */; };
		933EC0E6177C031A0041D020 /* AboutWindowController.m in Sources */ = {isa = PBXBuildFile; fileRef = 933EC0E3177BDE560041D020 /* AboutWindowController.m */; };
		933EC0E7177C039F0041D020 /* AboutWindow.xib in Resources */ = {isa = PBXBuildFile; fileRef = 933EC0E4177BDE560041D020 /* AboutWindow.xib */; };
		933EC0EC177C1F210041D020 /* AboutView.m in Sources */ = {isa = PBXBuildFile; fileRef = 933EC0EB177C1F210041D020 /* AboutView.m */; };
		934626571762740E00F947FE /* Stream.m in Sources */ = {isa = PBXBuildFile; fileRef = 934626561762740E00F947FE /* Stream.m */; };
		934626591762798100F947FE /* Podfile in Resources */ = {isa = PBXBuildFile; fileRef = 934626581762798100F947FE /* Podfile */; };
		93462A04177CA6FA00C928CA /* NSAttributedString+Hyperlink.m in Sources */ = {isa = PBXBuildFile; fileRef = 93462A03177CA6FA00C928CA /* NSAttributedString+Hyperlink.m */; };
		93462A07177CB15400C928CA /* Error.png in Resources */ = {isa = PBXBuildFile; fileRef = 93462A05177CB14D00C928CA /* Error.png */; };
		93462A08177CB15400C928CA /* Error@2x.png in Resources */ = {isa = PBXBuildFile; fileRef = 93462A06177CB14D00C928CA /* Error@2x.png */; };
		934C25E01777639E0038E5DB /* NSImageView+AFNetworking.m in Sources */ = {isa = PBXBuildFile; fileRef = 934C25DF1777639E0038E5DB /* NSImageView+AFNetworking.m */; };
		934D109718C67648007D3E6F /* Butter.framework in Frameworks */ = {isa = PBXBuildFile; fileRef = 934D109218C67593007D3E6F /* Butter.framework */; };
		934D109818C67656007D3E6F /* Butter.framework in Copy Frameworks */ = {isa = PBXBuildFile; fileRef = 934D109218C67593007D3E6F /* Butter.framework */; };
		935378F2177A010B0069AEFC /* NSView+SHExtensions.m in Sources */ = {isa = PBXBuildFile; fileRef = 935378F1177A010B0069AEFC /* NSView+SHExtensions.m */; };
		935378F9177B696F0069AEFC /* LoginRequiredView.m in Sources */ = {isa = PBXBuildFile; fileRef = 935378F8177B696F0069AEFC /* LoginRequiredView.m */; };
		936314181785346300AED886 /* NSView+Animations.m in Sources */ = {isa = PBXBuildFile; fileRef = 936314171785346300AED886 /* NSView+Animations.m */; };
		936327BB1763BB1000146C8A /* WindowController.m in Sources */ = {isa = PBXBuildFile; fileRef = 936327B91763BB1000146C8A /* WindowController.m */; };
		936327BF1763C25B00146C8A /* ApplicationController.m in Sources */ = {isa = PBXBuildFile; fileRef = 936327BE1763C25B00146C8A /* ApplicationController.m */; };
		936327C31763C91300146C8A /* TwitchGlitchPurple.pdf in Resources */ = {isa = PBXBuildFile; fileRef = 936327C11763C91300146C8A /* TwitchGlitchPurple.pdf */; };
		936327C41763C91300146C8A /* TwitchGlitchWhite.pdf in Resources */ = {isa = PBXBuildFile; fileRef = 936327C21763C91300146C8A /* TwitchGlitchWhite.pdf */; };
		936327D01764287100146C8A /* StreamListViewController.m in Sources */ = {isa = PBXBuildFile; fileRef = 936327CE1764287100146C8A /* StreamListViewController.m */; };
		936327D11764287100146C8A /* StreamListView.xib in Resources */ = {isa = PBXBuildFile; fileRef = 936327CF1764287100146C8A /* StreamListView.xib */; };
		936327D51764468500146C8A /* StreamListItemView.m in Sources */ = {isa = PBXBuildFile; fileRef = 936327D41764468500146C8A /* StreamListItemView.m */; };
		936327D81764670300146C8A /* StreamListItemView.xib in Resources */ = {isa = PBXBuildFile; fileRef = 936327D71764670300146C8A /* StreamListItemView.xib */; };
		936327DB1764F9BB00146C8A /* Channel.m in Sources */ = {isa = PBXBuildFile; fileRef = 936327DA1764F9BB00146C8A /* Channel.m */; };
		936327E11765268200146C8A /* TwitchAPIClient.m in Sources */ = {isa = PBXBuildFile; fileRef = 936327E01765268200146C8A /* TwitchAPIClient.m */; };
		93636A801761B05C00980570 /* Menu.xib in Resources */ = {isa = PBXBuildFile; fileRef = 93636A7D1761B03D00980570 /* Menu.xib */; };
		938A7669177122130094A361 /* NSImage+MGCropExtensions.m in Sources */ = {isa = PBXBuildFile; fileRef = 938A7668177122130094A361 /* NSImage+MGCropExtensions.m */; settings = {COMPILER_FLAGS = "-fno-objc-arc"; }; };
		938CD21118A5AA160062C4D0 /* MainWindow.xib in Resources */ = {isa = PBXBuildFile; fileRef = 938CD21018A5AA160062C4D0 /* MainWindow.xib */; };
		938CD21318A5AFB90062C4D0 /* StreamViewer.xib in Resources */ = {isa = PBXBuildFile; fileRef = 938CD21218A5AFB90062C4D0 /* StreamViewer.xib */; };
		938CD21618A5C4F00062C4D0 /* MainWindowController.m in Sources */ = {isa = PBXBuildFile; fileRef = 938CD21518A5C4F00062C4D0 /* MainWindowController.m */; };
		938CD21818A6BCD40062C4D0 /* Icon.icns in Resources */ = {isa = PBXBuildFile; fileRef = 938CD21718A6BCD40062C4D0 /* Icon.icns */; };
		938CD21918A6BCDD0062C4D0 /* Icon.icns in Resources */ = {isa = PBXBuildFile; fileRef = 938CD21718A6BCD40062C4D0 /* Icon.icns */; };
		938CD21F18AABA270062C4D0 /* UserViewModel.m in Sources */ = {isa = PBXBuildFile; fileRef = 938CD21E18AABA270062C4D0 /* UserViewModel.m */; };
		938CD22218AB3A370062C4D0 /* AccountManager.m in Sources */ = {isa = PBXBuildFile; fileRef = 938CD22118AB3A370062C4D0 /* AccountManager.m */; };
		938CD23018AD7E5D0062C4D0 /* SHWindowController.m in Sources */ = {isa = PBXBuildFile; fileRef = 938CD22F18AD7E5D0062C4D0 /* SHWindowController.m */; };
		938CD23318AD7E720062C4D0 /* SHViewController.m in Sources */ = {isa = PBXBuildFile; fileRef = 938CD23218AD7E720062C4D0 /* SHViewController.m */; };
		938CD23618AE116E0062C4D0 /* StreamViewerViewController.m in Sources */ = {isa = PBXBuildFile; fileRef = 938CD23518AE116E0062C4D0 /* StreamViewerViewController.m */; };
		938CD23918AE188A0062C4D0 /* StreamViewModel.m in Sources */ = {isa = PBXBuildFile; fileRef = 938CD23818AE188A0062C4D0 /* StreamViewModel.m */; };
		938CD23C18AE22160062C4D0 /* StreamListViewModel.m in Sources */ = {isa = PBXBuildFile; fileRef = 938CD23B18AE22160062C4D0 /* StreamListViewModel.m */; };
		93918311176A828500367399 /* PreferencesGlitch.png in Resources */ = {isa = PBXBuildFile; fileRef = 9391830F176A828500367399 /* PreferencesGlitch.png */; };
		93918312176A828500367399 /* PreferencesGlitch@2x.png in Resources */ = {isa = PBXBuildFile; fileRef = 93918310176A828500367399 /* PreferencesGlitch@2x.png */; };
		93918315176A9E7000367399 /* SystemConfiguration.framework in Frameworks */ = {isa = PBXBuildFile; fileRef = 936327DC1765150000146C8A /* SystemConfiguration.framework */; };
		9394113B178896E4003D1346 /* NSWindow+SHExtensions.m in Sources */ = {isa = PBXBuildFile; fileRef = 9394113A178896E4003D1346 /* NSWindow+SHExtensions.m */; };
		939A7B591782A537009121D6 /* StatusItem.pdf in Resources */ = {isa = PBXBuildFile; fileRef = 939A7B581782A472009121D6 /* StatusItem.pdf */; };
		939A7B5B1782A53E009121D6 /* StatusItemAlternate.pdf in Resources */ = {isa = PBXBuildFile; fileRef = 939A7B5A1782A53E009121D6 /* StatusItemAlternate.pdf */; };
		939A7B671783462B009121D6 /* PreferencesGeneral.png in Resources */ = {isa = PBXBuildFile; fileRef = 939A7B651783462B009121D6 /* PreferencesGeneral.png */; };
		939A7B681783462B009121D6 /* PreferencesGeneral@2x.png in Resources */ = {isa = PBXBuildFile; fileRef = 939A7B661783462B009121D6 /* PreferencesGeneral@2x.png */; };
		939A7B701783723D009121D6 /* LoadingView.m in Sources */ = {isa = PBXBuildFile; fileRef = 939A7B6F1783723D009121D6 /* LoadingView.m */; };
		939E8B6B177161A8006D6442 /* LightShadowTextField.m in Sources */ = {isa = PBXBuildFile; fileRef = 939E8B6A177161A8006D6442 /* LightShadowTextField.m */; };
		939E8B6D1771681D006D6442 /* ViewersTemplate.pdf in Resources */ = {isa = PBXBuildFile; fileRef = 939E8B6C1771681D006D6442 /* ViewersTemplate.pdf */; };
		939E8B7417717BAF006D6442 /* RefreshInactive.png in Resources */ = {isa = PBXBuildFile; fileRef = 939E8B7017717BAF006D6442 /* RefreshInactive.png */; };
		939E8B7517717BAF006D6442 /* RefreshInactive@2x.png in Resources */ = {isa = PBXBuildFile; fileRef = 939E8B7117717BAF006D6442 /* RefreshInactive@2x.png */; };
		939E8B8E17727456006D6442 /* UserImageView.m in Sources */ = {isa = PBXBuildFile; fileRef = 939E8B8D17727456006D6442 /* UserImageView.m */; };
		93A3A12217658ED200913C9A /* LoginViewController.m in Sources */ = {isa = PBXBuildFile; fileRef = 93A3A12017658ED200913C9A /* LoginViewController.m */; };
		93A3A12317658ED200913C9A /* LoginView.xib in Resources */ = {isa = PBXBuildFile; fileRef = 93A3A12117658ED200913C9A /* LoginView.xib */; };
		93A3A1271766E25300913C9A /* WebKit.framework in Frameworks */ = {isa = PBXBuildFile; fileRef = 93A3A1261766E25300913C9A /* WebKit.framework */; };
		93A3A12B17679C8100913C9A /* LoginView.m in Sources */ = {isa = PBXBuildFile; fileRef = 93A3A12A17679C8100913C9A /* LoginView.m */; };
		93A3A12D1767A66F00913C9A /* CoreServices.framework in Frameworks */ = {isa = PBXBuildFile; fileRef = 93A3A12C1767A66F00913C9A /* CoreServices.framework */; };
		93A3A1301768071C00913C9A /* User.m in Sources */ = {isa = PBXBuildFile; fileRef = 93A3A12F1768071C00913C9A /* User.m */; };
		93A3A1331768571C00913C9A /* Constants.m in Sources */ = {isa = PBXBuildFile; fileRef = 93A3A1321768571B00913C9A /* Constants.m */; };
		93A3A1361768EA5C00913C9A /* StreamLogoImageView.m in Sources */ = {isa = PBXBuildFile; fileRef = 93A3A1351768EA5B00913C9A /* StreamLogoImageView.m */; };
		93A9B67B18C2640A000BF53E /* LoginButtonCell.m in Sources */ = {isa = PBXBuildFile; fileRef = 93A9B67A18C2640A000BF53E /* LoginButtonCell.m */; };
		93AB1AA1177DF5B20038DB27 /* DarkShadowTextField.m in Sources */ = {isa = PBXBuildFile; fileRef = 93AB1AA0177DF5B20038DB27 /* DarkShadowTextField.m */; };
		93AB1AAD177F97F10038DB27 /* Preferences.m in Sources */ = {isa = PBXBuildFile; fileRef = 93AB1AAC177F97F10038DB27 /* Preferences.m */; };
		93BD3CB51793D9EA001A0C6F /* Icon.iconset in Resources */ = {isa = PBXBuildFile; fileRef = 93BD3CB41793D9EA001A0C6F /* Icon.iconset */; };
		93BE57BB1773C3C8008CB04E /* ServiceManagement.framework in Frameworks */ = {isa = PBXBuildFile; fileRef = 93BE57BA1773C3C8008CB04E /* ServiceManagement.framework */; };
		93BE57C41773D941008CB04E /* Cocoa.framework in Frameworks */ = {isa = PBXBuildFile; fileRef = 932C29991761AE0B0049EC1B /* Cocoa.framework */; };
		93BE57CA1773D941008CB04E /* InfoPlist.strings in Resources */ = {isa = PBXBuildFile; fileRef = 93BE57C81773D941008CB04E /* InfoPlist.strings */; };
		93BE57CC1773D941008CB04E /* main.m in Sources */ = {isa = PBXBuildFile; fileRef = 93BE57CB1773D941008CB04E /* main.m */; };
		93BE57D01773D941008CB04E /* Credits.rtf in Resources */ = {isa = PBXBuildFile; fileRef = 93BE57CE1773D941008CB04E /* Credits.rtf */; };
		93BE57D31773D941008CB04E /* ApplicationDelegate.m in Sources */ = {isa = PBXBuildFile; fileRef = 93BE57D21773D941008CB04E /* ApplicationDelegate.m */; };
		93BE57D61773D941008CB04E /* Menu.xib in Resources */ = {isa = PBXBuildFile; fileRef = 93BE57D41773D941008CB04E /* Menu.xib */; };
		93BE57DB1773DA98008CB04E /* ShiverHelper.app in Copy Helper Application */ = {isa = PBXBuildFile; fileRef = 93BE57C31773D941008CB04E /* ShiverHelper.app */; };
		93C0A7A418B7FBDE005943E8 /* StreamListView.m in Sources */ = {isa = PBXBuildFile; fileRef = 93C0A7A318B7FBDE005943E8 /* StreamListView.m */; };
		93C0A7A718B81E25005943E8 /* JLNFadingScrollView.m in Sources */ = {isa = PBXBuildFile; fileRef = 93C0A7A618B81E25005943E8 /* JLNFadingScrollView.m */; };
		93C0A7AA18B824BB005943E8 /* StreamViewerView.m in Sources */ = {isa = PBXBuildFile; fileRef = 93C0A7A918B824BB005943E8 /* StreamViewerView.m */; };
		93C0A7AE18B84AD8005943E8 /* TitleView.m in Sources */ = {isa = PBXBuildFile; fileRef = 93C0A7AD18B84AD8005943E8 /* TitleView.m */; };
		93C0A7B418B94242005943E8 /* NSBezierPath-PXRoundedRectangleAdditions.m in Sources */ = {isa = PBXBuildFile; fileRef = 93C0A7B318B94242005943E8 /* NSBezierPath-PXRoundedRectangleAdditions.m */; };
		93C0A7D418B9A9D2005943E8 /* ProfileButtonCell.m in Sources */ = {isa = PBXBuildFile; fileRef = 93C0A7D318B9A9D2005943E8 /* ProfileButtonCell.m */; };
		93C0A7D718B9B02B005943E8 /* FollowButtonCell.m in Sources */ = {isa = PBXBuildFile; fileRef = 93C0A7D618B9B02B005943E8 /* FollowButtonCell.m */; };
		93C0A7DA18BAC545005943E8 /* StreamListSectionView.m in Sources */ = {isa = PBXBuildFile; fileRef = 93C0A7D918BAC545005943E8 /* StreamListSectionView.m */; };
		93C0A7DC18BAC56E005943E8 /* StreamListSectionView.xib in Resources */ = {isa = PBXBuildFile; fileRef = 93C0A7DB18BAC56E005943E8 /* StreamListSectionView.xib */; };
		93D15BA917736EB100643D95 /* GeneralView.xib in Resources */ = {isa = PBXBuildFile; fileRef = 93D15BA817736EB100643D95 /* GeneralView.xib */; };
		93D15BAC17736ED900643D95 /* GeneralViewController.m in Sources */ = {isa = PBXBuildFile; fileRef = 93D15BAB17736ED900643D95 /* GeneralViewController.m */; };
		93E65B8A18C65A9A00196B6A /* Pause.png in Resources */ = {isa = PBXBuildFile; fileRef = 93E65B8618C65A9A00196B6A /* Pause.png */; };
		93E65B8B18C65A9A00196B6A /* Pause@2x.png in Resources */ = {isa = PBXBuildFile; fileRef = 93E65B8718C65A9A00196B6A /* Pause@2x.png */; };
		93E65B8C18C65A9A00196B6A /* Play.png in Resources */ = {isa = PBXBuildFile; fileRef = 93E65B8818C65A9A00196B6A /* Play.png */; };
		93E65B8D18C65A9A00196B6A /* Play@2x.png in Resources */ = {isa = PBXBuildFile; fileRef = 93E65B8918C65A9A00196B6A /* Play@2x.png */; };
		93E65B9018C65F1800196B6A /* Reload.png in Resources */ = {isa = PBXBuildFile; fileRef = 93E65B8E18C65F1800196B6A /* Reload.png */; };
		93E65B9118C65F1800196B6A /* Reload@2x.png in Resources */ = {isa = PBXBuildFile; fileRef = 93E65B8F18C65F1800196B6A /* Reload@2x.png */; };
		93F6770918BD50BD0064F005 /* EmptyViewerView.m in Sources */ = {isa = PBXBuildFile; fileRef = 93F6770818BD50BC0064F005 /* EmptyViewerView.m */; };
		B6DF44B2DA7C4BEBB50E791C /* libPods.a in Frameworks */ = {isa = PBXBuildFile; fileRef = A795A5CACCC44DC59B59DAEC /* libPods.a */; };
/* End PBXBuildFile section */

/* Begin PBXContainerItemProxy section */
		934D109118C67593007D3E6F /* PBXContainerItemProxy */ = {
			isa = PBXContainerItemProxy;
			containerPortal = 934D108D18C67593007D3E6F /* Butter.xcodeproj */;
			proxyType = 2;
			remoteGlobalIDString = 03239EB21672E6D6004263D7;
			remoteInfo = Butter;
		};
		934D109318C675CB007D3E6F /* PBXContainerItemProxy */ = {
			isa = PBXContainerItemProxy;
			containerPortal = 934D108D18C67593007D3E6F /* Butter.xcodeproj */;
			proxyType = 1;
			remoteGlobalIDString = 03239EB11672E6D6004263D7;
			remoteInfo = Butter;
		};
/* End PBXContainerItemProxy section */

/* Begin PBXCopyFilesBuildPhase section */
		934D109518C67602007D3E6F /* Copy Frameworks */ = {
			isa = PBXCopyFilesBuildPhase;
			buildActionMask = 2147483647;
			dstPath = "";
			dstSubfolderSpec = 10;
			files = (
				934D109818C67656007D3E6F /* Butter.framework in Copy Frameworks */,
			);
			name = "Copy Frameworks";
			runOnlyForDeploymentPostprocessing = 0;
		};
		93BE57DA1773DA73008CB04E /* Copy Helper Application */ = {
			isa = PBXCopyFilesBuildPhase;
			buildActionMask = 2147483647;
			dstPath = Contents/Library/LoginItems;
			dstSubfolderSpec = 1;
			files = (
				93BE57DB1773DA98008CB04E /* ShiverHelper.app in Copy Helper Application */,
			);
			name = "Copy Helper Application";
			runOnlyForDeploymentPostprocessing = 0;
		};
/* End PBXCopyFilesBuildPhase section */

/* Begin PBXFileReference section */
		9301E9E2176A478300C46750 /* EmptyErrorView.xib */ = {isa = PBXFileReference; fileEncoding = 4; lastKnownFileType = file.xib; name = EmptyErrorView.xib; path = Assets/NIBs/EmptyErrorView.xib; sourceTree = SOURCE_ROOT; };
		9301E9E5176A635800C46750 /* TwitchLogoWhite.pdf */ = {isa = PBXFileReference; lastKnownFileType = image.pdf; name = TwitchLogoWhite.pdf; path = Assets/Templates/TwitchLogoWhite.pdf; sourceTree = SOURCE_ROOT; };
		9310D0EE1780FBA80052C25C /* MainWindow.h */ = {isa = PBXFileReference; fileEncoding = 4; lastKnownFileType = sourcecode.c.h; name = MainWindow.h; path = Classes/Views/MainWindow.h; sourceTree = SOURCE_ROOT; };
		9310D0EF1780FBA80052C25C /* MainWindow.m */ = {isa = PBXFileReference; fileEncoding = 4; lastKnownFileType = sourcecode.c.objc; name = MainWindow.m; path = Classes/Views/MainWindow.m; sourceTree = SOURCE_ROOT; };
		931E25281778B7B20081162C /* EmptyErrorView.h */ = {isa = PBXFileReference; fileEncoding = 4; lastKnownFileType = sourcecode.c.h; name = EmptyErrorView.h; path = Classes/Views/EmptyErrorView.h; sourceTree = SOURCE_ROOT; };
		931E25291778B7B20081162C /* EmptyErrorView.m */ = {isa = PBXFileReference; fileEncoding = 4; lastKnownFileType = sourcecode.c.objc; name = EmptyErrorView.m; path = Classes/Views/EmptyErrorView.m; sourceTree = SOURCE_ROOT; };
		931E253A17790FC20081162C /* NSLayoutConstraint+Equations.h */ = {isa = PBXFileReference; fileEncoding = 4; lastKnownFileType = sourcecode.c.h; name = "NSLayoutConstraint+Equations.h"; path = "Extensions/Categories/NSLayoutConstraint+Equations.h"; sourceTree = SOURCE_ROOT; };
		931E253B17790FC20081162C /* NSLayoutConstraint+Equations.m */ = {isa = PBXFileReference; fileEncoding = 4; lastKnownFileType = sourcecode.c.objc; name = "NSLayoutConstraint+Equations.m"; path = "Extensions/Categories/NSLayoutConstraint+Equations.m"; sourceTree = SOURCE_ROOT; };
		931E254017791FC70081162C /* InnerShadowView.h */ = {isa = PBXFileReference; fileEncoding = 4; lastKnownFileType = sourcecode.c.h; name = InnerShadowView.h; path = Classes/Views/InnerShadowView.h; sourceTree = SOURCE_ROOT; };
		931E254117791FC70081162C /* InnerShadowView.m */ = {isa = PBXFileReference; fileEncoding = 4; lastKnownFileType = sourcecode.c.objc; name = InnerShadowView.m; path = Classes/Views/InnerShadowView.m; sourceTree = SOURCE_ROOT; };
		9324239B17728FBF00374EB9 /* EmptyStreamList.png */ = {isa = PBXFileReference; lastKnownFileType = image.png; name = EmptyStreamList.png; path = Assets/Images/EmptyStreamList.png; sourceTree = SOURCE_ROOT; };
		9324239C17728FBF00374EB9 /* EmptyStreamList@2x.png */ = {isa = PBXFileReference; lastKnownFileType = image.png; name = "EmptyStreamList@2x.png"; path = "Assets/Images/EmptyStreamList@2x.png"; sourceTree = SOURCE_ROOT; };
		9324239F1772945800374EB9 /* LoginKeys.png */ = {isa = PBXFileReference; lastKnownFileType = image.png; name = LoginKeys.png; path = Assets/Images/LoginKeys.png; sourceTree = SOURCE_ROOT; };
		932423A01772945800374EB9 /* LoginKeys@2x.png */ = {isa = PBXFileReference; lastKnownFileType = image.png; name = "LoginKeys@2x.png"; path = "Assets/Images/LoginKeys@2x.png"; sourceTree = SOURCE_ROOT; };
		932423A31772950A00374EB9 /* LoginRequiredView.xib */ = {isa = PBXFileReference; fileEncoding = 4; lastKnownFileType = file.xib; name = LoginRequiredView.xib; path = Assets/NIBs/LoginRequiredView.xib; sourceTree = SOURCE_ROOT; };
		932C29961761AE0B0049EC1B /* Shiver.app */ = {isa = PBXFileReference; explicitFileType = wrapper.application; includeInIndex = 0; path = Shiver.app; sourceTree = BUILT_PRODUCTS_DIR; };
		932C29991761AE0B0049EC1B /* Cocoa.framework */ = {isa = PBXFileReference; lastKnownFileType = wrapper.framework; name = Cocoa.framework; path = System/Library/Frameworks/Cocoa.framework; sourceTree = SDKROOT; };
		932C299C1761AE0B0049EC1B /* AppKit.framework */ = {isa = PBXFileReference; lastKnownFileType = wrapper.framework; name = AppKit.framework; path = System/Library/Frameworks/AppKit.framework; sourceTree = SDKROOT; };
		932C299D1761AE0B0049EC1B /* CoreData.framework */ = {isa = PBXFileReference; lastKnownFileType = wrapper.framework; name = CoreData.framework; path = System/Library/Frameworks/CoreData.framework; sourceTree = SDKROOT; };
		932C299E1761AE0B0049EC1B /* Foundation.framework */ = {isa = PBXFileReference; lastKnownFileType = wrapper.framework; name = Foundation.framework; path = System/Library/Frameworks/Foundation.framework; sourceTree = SDKROOT; };
		932C29B91761AF0B0049EC1B /* Info.plist */ = {isa = PBXFileReference; fileEncoding = 4; lastKnownFileType = text.plist.xml; path = Info.plist; sourceTree = SOURCE_ROOT; };
		932C29BA1761AF0B0049EC1B /* main.m */ = {isa = PBXFileReference; fileEncoding = 4; lastKnownFileType = sourcecode.c.objc; path = main.m; sourceTree = SOURCE_ROOT; };
		932C29BB1761AF0B0049EC1B /* Prefix.pch */ = {isa = PBXFileReference; fileEncoding = 4; lastKnownFileType = sourcecode.c.h; path = Prefix.pch; sourceTree = SOURCE_ROOT; };
		932C29BF1761AF460049EC1B /* en */ = {isa = PBXFileReference; lastKnownFileType = text.rtf; name = en; path = en.lproj/Credits.rtf; sourceTree = "<group>"; };
		932C29C11761AF460049EC1B /* en */ = {isa = PBXFileReference; lastKnownFileType = text.plist.strings; name = en; path = en.lproj/InfoPlist.strings; sourceTree = "<group>"; };
		932C29C71761AF800049EC1B /* ShiverApplication.h */ = {isa = PBXFileReference; fileEncoding = 4; lastKnownFileType = sourcecode.c.h; path = ShiverApplication.h; sourceTree = SOURCE_ROOT; };
		932C29C81761AF800049EC1B /* ShiverApplication.m */ = {isa = PBXFileReference; fileEncoding = 4; lastKnownFileType = sourcecode.c.objc; path = ShiverApplication.m; sourceTree = SOURCE_ROOT; };
		933EC0E2177BDE560041D020 /* AboutWindowController.h */ = {isa = PBXFileReference; lastKnownFileType = sourcecode.c.h; name = AboutWindowController.h; path = Classes/Controllers/AboutWindowController.h; sourceTree = SOURCE_ROOT; };
		933EC0E3177BDE560041D020 /* AboutWindowController.m */ = {isa = PBXFileReference; lastKnownFileType = sourcecode.c.objc; name = AboutWindowController.m; path = Classes/Controllers/AboutWindowController.m; sourceTree = SOURCE_ROOT; };
		933EC0E4177BDE560041D020 /* AboutWindow.xib */ = {isa = PBXFileReference; lastKnownFileType = file.xib; name = AboutWindow.xib; path = Assets/NIBs/AboutWindow.xib; sourceTree = SOURCE_ROOT; };
		933EC0EA177C1F210041D020 /* AboutView.h */ = {isa = PBXFileReference; fileEncoding = 4; lastKnownFileType = sourcecode.c.h; name = AboutView.h; path = Classes/Views/AboutView.h; sourceTree = SOURCE_ROOT; };
		933EC0EB177C1F210041D020 /* AboutView.m */ = {isa = PBXFileReference; fileEncoding = 4; lastKnownFileType = sourcecode.c.objc; name = AboutView.m; path = Classes/Views/AboutView.m; sourceTree = SOURCE_ROOT; };
		934626551762740E00F947FE /* Stream.h */ = {isa = PBXFileReference; fileEncoding = 4; lastKnownFileType = sourcecode.c.h; name = Stream.h; path = Classes/Models/Stream.h; sourceTree = SOURCE_ROOT; };
		934626561762740E00F947FE /* Stream.m */ = {isa = PBXFileReference; fileEncoding = 4; lastKnownFileType = sourcecode.c.objc; name = Stream.m; path = Classes/Models/Stream.m; sourceTree = SOURCE_ROOT; };
		934626581762798100F947FE /* Podfile */ = {isa = PBXFileReference; fileEncoding = 4; lastKnownFileType = text; path = Podfile; sourceTree = SOURCE_ROOT; xcLanguageSpecificationIdentifier = xcode.lang.ruby; };
		93462A02177CA6FA00C928CA /* NSAttributedString+Hyperlink.h */ = {isa = PBXFileReference; fileEncoding = 4; lastKnownFileType = sourcecode.c.h; name = "NSAttributedString+Hyperlink.h"; path = "Extensions/Categories/NSAttributedString+Hyperlink.h"; sourceTree = SOURCE_ROOT; };
		93462A03177CA6FA00C928CA /* NSAttributedString+Hyperlink.m */ = {isa = PBXFileReference; fileEncoding = 4; lastKnownFileType = sourcecode.c.objc; name = "NSAttributedString+Hyperlink.m"; path = "Extensions/Categories/NSAttributedString+Hyperlink.m"; sourceTree = SOURCE_ROOT; };
		93462A05177CB14D00C928CA /* Error.png */ = {isa = PBXFileReference; lastKnownFileType = image.png; name = Error.png; path = Assets/Images/Error.png; sourceTree = SOURCE_ROOT; };
		93462A06177CB14D00C928CA /* Error@2x.png */ = {isa = PBXFileReference; lastKnownFileType = image.png; name = "Error@2x.png"; path = "Assets/Images/Error@2x.png"; sourceTree = SOURCE_ROOT; };
		934C25DE1777639E0038E5DB /* NSImageView+AFNetworking.h */ = {isa = PBXFileReference; fileEncoding = 4; lastKnownFileType = sourcecode.c.h; name = "NSImageView+AFNetworking.h"; path = "Extensions/Categories/NSImageView+AFNetworking.h"; sourceTree = SOURCE_ROOT; };
		934C25DF1777639E0038E5DB /* NSImageView+AFNetworking.m */ = {isa = PBXFileReference; fileEncoding = 4; lastKnownFileType = sourcecode.c.objc; name = "NSImageView+AFNetworking.m"; path = "Extensions/Categories/NSImageView+AFNetworking.m"; sourceTree = SOURCE_ROOT; };
		934D108D18C67593007D3E6F /* Butter.xcodeproj */ = {isa = PBXFileReference; lastKnownFileType = "wrapper.pb-project"; name = Butter.xcodeproj; path = External/Butter/Butter.xcodeproj; sourceTree = "<group>"; };
		935378F0177A010B0069AEFC /* NSView+SHExtensions.h */ = {isa = PBXFileReference; fileEncoding = 4; lastKnownFileType = sourcecode.c.h; name = "NSView+SHExtensions.h"; path = "Extensions/Categories/NSView+SHExtensions.h"; sourceTree = SOURCE_ROOT; };
		935378F1177A010B0069AEFC /* NSView+SHExtensions.m */ = {isa = PBXFileReference; fileEncoding = 4; lastKnownFileType = sourcecode.c.objc; name = "NSView+SHExtensions.m"; path = "Extensions/Categories/NSView+SHExtensions.m"; sourceTree = SOURCE_ROOT; };
		935378F7177B696F0069AEFC /* LoginRequiredView.h */ = {isa = PBXFileReference; fileEncoding = 4; lastKnownFileType = sourcecode.c.h; name = LoginRequiredView.h; path = Classes/Views/LoginRequiredView.h; sourceTree = SOURCE_ROOT; };
		935378F8177B696F0069AEFC /* LoginRequiredView.m */ = {isa = PBXFileReference; fileEncoding = 4; lastKnownFileType = sourcecode.c.objc; name = LoginRequiredView.m; path = Classes/Views/LoginRequiredView.m; sourceTree = SOURCE_ROOT; };
		936314161785346300AED886 /* NSView+Animations.h */ = {isa = PBXFileReference; fileEncoding = 4; lastKnownFileType = sourcecode.c.h; name = "NSView+Animations.h"; path = "Extensions/Categories/NSView+Animations.h"; sourceTree = SOURCE_ROOT; };
		936314171785346300AED886 /* NSView+Animations.m */ = {isa = PBXFileReference; fileEncoding = 4; lastKnownFileType = sourcecode.c.objc; name = "NSView+Animations.m"; path = "Extensions/Categories/NSView+Animations.m"; sourceTree = SOURCE_ROOT; };
		936327B81763BB1000146C8A /* WindowController.h */ = {isa = PBXFileReference; fileEncoding = 4; lastKnownFileType = sourcecode.c.h; name = WindowController.h; path = Classes/Controllers/WindowController.h; sourceTree = SOURCE_ROOT; };
		936327B91763BB1000146C8A /* WindowController.m */ = {isa = PBXFileReference; fileEncoding = 4; lastKnownFileType = sourcecode.c.objc; lineEnding = 0; name = WindowController.m; path = Classes/Controllers/WindowController.m; sourceTree = SOURCE_ROOT; xcLanguageSpecificationIdentifier = xcode.lang.objc; };
		936327BD1763C25B00146C8A /* ApplicationController.h */ = {isa = PBXFileReference; fileEncoding = 4; lastKnownFileType = sourcecode.c.h; name = ApplicationController.h; path = Classes/Controllers/ApplicationController.h; sourceTree = SOURCE_ROOT; };
		936327BE1763C25B00146C8A /* ApplicationController.m */ = {isa = PBXFileReference; fileEncoding = 4; lastKnownFileType = sourcecode.c.objc; name = ApplicationController.m; path = Classes/Controllers/ApplicationController.m; sourceTree = SOURCE_ROOT; };
		936327C11763C91300146C8A /* TwitchGlitchPurple.pdf */ = {isa = PBXFileReference; lastKnownFileType = image.pdf; name = TwitchGlitchPurple.pdf; path = Assets/Templates/TwitchGlitchPurple.pdf; sourceTree = SOURCE_ROOT; };
		936327C21763C91300146C8A /* TwitchGlitchWhite.pdf */ = {isa = PBXFileReference; lastKnownFileType = image.pdf; name = TwitchGlitchWhite.pdf; path = Assets/Templates/TwitchGlitchWhite.pdf; sourceTree = SOURCE_ROOT; };
		936327CD1764287100146C8A /* StreamListViewController.h */ = {isa = PBXFileReference; fileEncoding = 4; lastKnownFileType = sourcecode.c.h; name = StreamListViewController.h; path = Classes/Controllers/StreamListViewController.h; sourceTree = SOURCE_ROOT; };
		936327CE1764287100146C8A /* StreamListViewController.m */ = {isa = PBXFileReference; fileEncoding = 4; lastKnownFileType = sourcecode.c.objc; lineEnding = 0; name = StreamListViewController.m; path = Classes/Controllers/StreamListViewController.m; sourceTree = SOURCE_ROOT; xcLanguageSpecificationIdentifier = xcode.lang.objc; };
		936327CF1764287100146C8A /* StreamListView.xib */ = {isa = PBXFileReference; fileEncoding = 4; lastKnownFileType = file.xib; name = StreamListView.xib; path = Assets/NIBs/StreamListView.xib; sourceTree = SOURCE_ROOT; };
		936327D31764468400146C8A /* StreamListItemView.h */ = {isa = PBXFileReference; fileEncoding = 4; lastKnownFileType = sourcecode.c.h; name = StreamListItemView.h; path = Classes/Views/StreamListItemView.h; sourceTree = SOURCE_ROOT; };
		936327D41764468500146C8A /* StreamListItemView.m */ = {isa = PBXFileReference; fileEncoding = 4; lastKnownFileType = sourcecode.c.objc; name = StreamListItemView.m; path = Classes/Views/StreamListItemView.m; sourceTree = SOURCE_ROOT; };
		936327D71764670300146C8A /* StreamListItemView.xib */ = {isa = PBXFileReference; fileEncoding = 4; lastKnownFileType = file.xib; name = StreamListItemView.xib; path = Assets/NIBs/StreamListItemView.xib; sourceTree = SOURCE_ROOT; };
		936327D91764F9BB00146C8A /* Channel.h */ = {isa = PBXFileReference; fileEncoding = 4; lastKnownFileType = sourcecode.c.h; name = Channel.h; path = Classes/Models/Channel.h; sourceTree = SOURCE_ROOT; };
		936327DA1764F9BB00146C8A /* Channel.m */ = {isa = PBXFileReference; fileEncoding = 4; lastKnownFileType = sourcecode.c.objc; name = Channel.m; path = Classes/Models/Channel.m; sourceTree = SOURCE_ROOT; };
		936327DC1765150000146C8A /* SystemConfiguration.framework */ = {isa = PBXFileReference; lastKnownFileType = wrapper.framework; name = SystemConfiguration.framework; path = System/Library/Frameworks/SystemConfiguration.framework; sourceTree = SDKROOT; };
		936327DF1765268200146C8A /* TwitchAPIClient.h */ = {isa = PBXFileReference; fileEncoding = 4; lastKnownFileType = sourcecode.c.h; name = TwitchAPIClient.h; path = Classes/Networking/TwitchAPIClient.h; sourceTree = SOURCE_ROOT; };
		936327E01765268200146C8A /* TwitchAPIClient.m */ = {isa = PBXFileReference; fileEncoding = 4; lastKnownFileType = sourcecode.c.objc; name = TwitchAPIClient.m; path = Classes/Networking/TwitchAPIClient.m; sourceTree = SOURCE_ROOT; };
		93636A7E1761B03D00980570 /* en */ = {isa = PBXFileReference; lastKnownFileType = file.xib; name = en; path = en.lproj/Menu.xib; sourceTree = "<group>"; };
		938A7667177122130094A361 /* NSImage+MGCropExtensions.h */ = {isa = PBXFileReference; fileEncoding = 4; lastKnownFileType = sourcecode.c.h; name = "NSImage+MGCropExtensions.h"; path = "Extensions/Categories/NSImage+MGCropExtensions.h"; sourceTree = SOURCE_ROOT; };
		938A7668177122130094A361 /* NSImage+MGCropExtensions.m */ = {isa = PBXFileReference; fileEncoding = 4; lastKnownFileType = sourcecode.c.objc; name = "NSImage+MGCropExtensions.m"; path = "Extensions/Categories/NSImage+MGCropExtensions.m"; sourceTree = SOURCE_ROOT; };
		938CD21018A5AA160062C4D0 /* MainWindow.xib */ = {isa = PBXFileReference; fileEncoding = 4; lastKnownFileType = file.xib; name = MainWindow.xib; path = Assets/NIBs/MainWindow.xib; sourceTree = SOURCE_ROOT; };
		938CD21218A5AFB90062C4D0 /* StreamViewer.xib */ = {isa = PBXFileReference; fileEncoding = 4; lastKnownFileType = file.xib; name = StreamViewer.xib; path = Assets/NIBs/StreamViewer.xib; sourceTree = SOURCE_ROOT; };
		938CD21418A5C4F00062C4D0 /* MainWindowController.h */ = {isa = PBXFileReference; fileEncoding = 4; lastKnownFileType = sourcecode.c.h; name = MainWindowController.h; path = Classes/Controllers/MainWindowController.h; sourceTree = SOURCE_ROOT; };
		938CD21518A5C4F00062C4D0 /* MainWindowController.m */ = {isa = PBXFileReference; fileEncoding = 4; lastKnownFileType = sourcecode.c.objc; name = MainWindowController.m; path = Classes/Controllers/MainWindowController.m; sourceTree = SOURCE_ROOT; };
		938CD21718A6BCD40062C4D0 /* Icon.icns */ = {isa = PBXFileReference; lastKnownFileType = image.icns; name = Icon.icns; path = Assets/Images/Icon.icns; sourceTree = SOURCE_ROOT; };
		938CD21D18AABA270062C4D0 /* UserViewModel.h */ = {isa = PBXFileReference; fileEncoding = 4; lastKnownFileType = sourcecode.c.h; name = UserViewModel.h; path = "Classes/View Models/UserViewModel.h"; sourceTree = SOURCE_ROOT; };
		938CD21E18AABA270062C4D0 /* UserViewModel.m */ = {isa = PBXFileReference; fileEncoding = 4; lastKnownFileType = sourcecode.c.objc; name = UserViewModel.m; path = "Classes/View Models/UserViewModel.m"; sourceTree = SOURCE_ROOT; };
		938CD22018AB3A370062C4D0 /* AccountManager.h */ = {isa = PBXFileReference; fileEncoding = 4; lastKnownFileType = sourcecode.c.h; name = AccountManager.h; path = Classes/Application/AccountManager.h; sourceTree = SOURCE_ROOT; };
		938CD22118AB3A370062C4D0 /* AccountManager.m */ = {isa = PBXFileReference; fileEncoding = 4; lastKnownFileType = sourcecode.c.objc; name = AccountManager.m; path = Classes/Application/AccountManager.m; sourceTree = SOURCE_ROOT; };
		938CD22E18AD7E5D0062C4D0 /* SHWindowController.h */ = {isa = PBXFileReference; fileEncoding = 4; lastKnownFileType = sourcecode.c.h; name = SHWindowController.h; path = Classes/Superclasses/SHWindowController.h; sourceTree = SOURCE_ROOT; };
		938CD22F18AD7E5D0062C4D0 /* SHWindowController.m */ = {isa = PBXFileReference; fileEncoding = 4; lastKnownFileType = sourcecode.c.objc; name = SHWindowController.m; path = Classes/Superclasses/SHWindowController.m; sourceTree = SOURCE_ROOT; };
		938CD23118AD7E720062C4D0 /* SHViewController.h */ = {isa = PBXFileReference; fileEncoding = 4; lastKnownFileType = sourcecode.c.h; name = SHViewController.h; path = Classes/Superclasses/SHViewController.h; sourceTree = SOURCE_ROOT; };
		938CD23218AD7E720062C4D0 /* SHViewController.m */ = {isa = PBXFileReference; fileEncoding = 4; lastKnownFileType = sourcecode.c.objc; name = SHViewController.m; path = Classes/Superclasses/SHViewController.m; sourceTree = SOURCE_ROOT; };
		938CD23418AE116E0062C4D0 /* StreamViewerViewController.h */ = {isa = PBXFileReference; fileEncoding = 4; lastKnownFileType = sourcecode.c.h; name = StreamViewerViewController.h; path = Classes/Controllers/StreamViewerViewController.h; sourceTree = SOURCE_ROOT; };
		938CD23518AE116E0062C4D0 /* StreamViewerViewController.m */ = {isa = PBXFileReference; fileEncoding = 4; lastKnownFileType = sourcecode.c.objc; name = StreamViewerViewController.m; path = Classes/Controllers/StreamViewerViewController.m; sourceTree = SOURCE_ROOT; };
		938CD23718AE188A0062C4D0 /* StreamViewModel.h */ = {isa = PBXFileReference; fileEncoding = 4; lastKnownFileType = sourcecode.c.h; name = StreamViewModel.h; path = "Classes/View Models/StreamViewModel.h"; sourceTree = SOURCE_ROOT; };
		938CD23818AE188A0062C4D0 /* StreamViewModel.m */ = {isa = PBXFileReference; fileEncoding = 4; lastKnownFileType = sourcecode.c.objc; name = StreamViewModel.m; path = "Classes/View Models/StreamViewModel.m"; sourceTree = SOURCE_ROOT; };
		938CD23A18AE22160062C4D0 /* StreamListViewModel.h */ = {isa = PBXFileReference; fileEncoding = 4; lastKnownFileType = sourcecode.c.h; name = StreamListViewModel.h; path = "Classes/View Models/StreamListViewModel.h"; sourceTree = SOURCE_ROOT; };
		938CD23B18AE22160062C4D0 /* StreamListViewModel.m */ = {isa = PBXFileReference; fileEncoding = 4; lastKnownFileType = sourcecode.c.objc; name = StreamListViewModel.m; path = "Classes/View Models/StreamListViewModel.m"; sourceTree = SOURCE_ROOT; };
		9391830F176A828500367399 /* PreferencesGlitch.png */ = {isa = PBXFileReference; lastKnownFileType = image.png; name = PreferencesGlitch.png; path = Assets/Images/PreferencesGlitch.png; sourceTree = SOURCE_ROOT; };
		93918310176A828500367399 /* PreferencesGlitch@2x.png */ = {isa = PBXFileReference; lastKnownFileType = image.png; name = "PreferencesGlitch@2x.png"; path = "Assets/Images/PreferencesGlitch@2x.png"; sourceTree = SOURCE_ROOT; };
		93941139178896E4003D1346 /* NSWindow+SHExtensions.h */ = {isa = PBXFileReference; fileEncoding = 4; lastKnownFileType = sourcecode.c.h; name = "NSWindow+SHExtensions.h"; path = "Extensions/Categories/NSWindow+SHExtensions.h"; sourceTree = SOURCE_ROOT; };
		9394113A178896E4003D1346 /* NSWindow+SHExtensions.m */ = {isa = PBXFileReference; fileEncoding = 4; lastKnownFileType = sourcecode.c.objc; name = "NSWindow+SHExtensions.m"; path = "Extensions/Categories/NSWindow+SHExtensions.m"; sourceTree = SOURCE_ROOT; };
		939A7B581782A472009121D6 /* StatusItem.pdf */ = {isa = PBXFileReference; lastKnownFileType = image.pdf; name = StatusItem.pdf; path = Assets/Templates/StatusItem.pdf; sourceTree = SOURCE_ROOT; };
		939A7B5A1782A53E009121D6 /* StatusItemAlternate.pdf */ = {isa = PBXFileReference; lastKnownFileType = image.pdf; name = StatusItemAlternate.pdf; path = Assets/Templates/StatusItemAlternate.pdf; sourceTree = SOURCE_ROOT; };
		939A7B651783462B009121D6 /* PreferencesGeneral.png */ = {isa = PBXFileReference; lastKnownFileType = image.png; name = PreferencesGeneral.png; path = Assets/Images/PreferencesGeneral.png; sourceTree = SOURCE_ROOT; };
		939A7B661783462B009121D6 /* PreferencesGeneral@2x.png */ = {isa = PBXFileReference; lastKnownFileType = image.png; name = "PreferencesGeneral@2x.png"; path = "Assets/Images/PreferencesGeneral@2x.png"; sourceTree = SOURCE_ROOT; };
		939A7B6E1783723D009121D6 /* LoadingView.h */ = {isa = PBXFileReference; fileEncoding = 4; lastKnownFileType = sourcecode.c.h; name = LoadingView.h; path = Classes/Views/LoadingView.h; sourceTree = SOURCE_ROOT; };
		939A7B6F1783723D009121D6 /* LoadingView.m */ = {isa = PBXFileReference; fileEncoding = 4; lastKnownFileType = sourcecode.c.objc; name = LoadingView.m; path = Classes/Views/LoadingView.m; sourceTree = SOURCE_ROOT; };
		939E8B69177161A8006D6442 /* LightShadowTextField.h */ = {isa = PBXFileReference; fileEncoding = 4; lastKnownFileType = sourcecode.c.h; name = LightShadowTextField.h; path = Classes/Views/LightShadowTextField.h; sourceTree = SOURCE_ROOT; };
		939E8B6A177161A8006D6442 /* LightShadowTextField.m */ = {isa = PBXFileReference; fileEncoding = 4; lastKnownFileType = sourcecode.c.objc; name = LightShadowTextField.m; path = Classes/Views/LightShadowTextField.m; sourceTree = SOURCE_ROOT; };
		939E8B6C1771681D006D6442 /* ViewersTemplate.pdf */ = {isa = PBXFileReference; lastKnownFileType = image.pdf; name = ViewersTemplate.pdf; path = Assets/Templates/ViewersTemplate.pdf; sourceTree = SOURCE_ROOT; };
		939E8B7017717BAF006D6442 /* RefreshInactive.png */ = {isa = PBXFileReference; lastKnownFileType = image.png; name = RefreshInactive.png; path = Assets/Images/RefreshInactive.png; sourceTree = SOURCE_ROOT; };
		939E8B7117717BAF006D6442 /* RefreshInactive@2x.png */ = {isa = PBXFileReference; lastKnownFileType = image.png; name = "RefreshInactive@2x.png"; path = "Assets/Images/RefreshInactive@2x.png"; sourceTree = SOURCE_ROOT; };
		939E8B8C17727456006D6442 /* UserImageView.h */ = {isa = PBXFileReference; fileEncoding = 4; lastKnownFileType = sourcecode.c.h; name = UserImageView.h; path = Classes/Views/UserImageView.h; sourceTree = SOURCE_ROOT; };
		939E8B8D17727456006D6442 /* UserImageView.m */ = {isa = PBXFileReference; fileEncoding = 4; lastKnownFileType = sourcecode.c.objc; name = UserImageView.m; path = Classes/Views/UserImageView.m; sourceTree = SOURCE_ROOT; };
		93A3A11F17658ED200913C9A /* LoginViewController.h */ = {isa = PBXFileReference; fileEncoding = 4; lastKnownFileType = sourcecode.c.h; name = LoginViewController.h; path = Classes/Controllers/LoginViewController.h; sourceTree = SOURCE_ROOT; };
		93A3A12017658ED200913C9A /* LoginViewController.m */ = {isa = PBXFileReference; fileEncoding = 4; lastKnownFileType = sourcecode.c.objc; lineEnding = 0; name = LoginViewController.m; path = Classes/Controllers/LoginViewController.m; sourceTree = SOURCE_ROOT; xcLanguageSpecificationIdentifier = xcode.lang.objc; };
		93A3A12117658ED200913C9A /* LoginView.xib */ = {isa = PBXFileReference; fileEncoding = 4; lastKnownFileType = file.xib; name = LoginView.xib; path = Assets/NIBs/LoginView.xib; sourceTree = SOURCE_ROOT; };
		93A3A1261766E25300913C9A /* WebKit.framework */ = {isa = PBXFileReference; lastKnownFileType = wrapper.framework; name = WebKit.framework; path = System/Library/Frameworks/WebKit.framework; sourceTree = SDKROOT; };
		93A3A12917679C8100913C9A /* LoginView.h */ = {isa = PBXFileReference; fileEncoding = 4; lastKnownFileType = sourcecode.c.h; name = LoginView.h; path = Classes/Views/LoginView.h; sourceTree = SOURCE_ROOT; };
		93A3A12A17679C8100913C9A /* LoginView.m */ = {isa = PBXFileReference; fileEncoding = 4; lastKnownFileType = sourcecode.c.objc; name = LoginView.m; path = Classes/Views/LoginView.m; sourceTree = SOURCE_ROOT; };
		93A3A12C1767A66F00913C9A /* CoreServices.framework */ = {isa = PBXFileReference; lastKnownFileType = wrapper.framework; name = CoreServices.framework; path = System/Library/Frameworks/CoreServices.framework; sourceTree = SDKROOT; };
		93A3A12E1768071C00913C9A /* User.h */ = {isa = PBXFileReference; fileEncoding = 4; lastKnownFileType = sourcecode.c.h; name = User.h; path = Classes/Models/User.h; sourceTree = SOURCE_ROOT; };
		93A3A12F1768071C00913C9A /* User.m */ = {isa = PBXFileReference; fileEncoding = 4; lastKnownFileType = sourcecode.c.objc; name = User.m; path = Classes/Models/User.m; sourceTree = SOURCE_ROOT; };
		93A3A1311768571A00913C9A /* Constants.h */ = {isa = PBXFileReference; fileEncoding = 4; lastKnownFileType = sourcecode.c.h; name = Constants.h; path = Classes/Constants.h; sourceTree = SOURCE_ROOT; };
		93A3A1321768571B00913C9A /* Constants.m */ = {isa = PBXFileReference; fileEncoding = 4; lastKnownFileType = sourcecode.c.objc; name = Constants.m; path = Classes/Constants.m; sourceTree = SOURCE_ROOT; };
		93A3A1341768EA5B00913C9A /* StreamLogoImageView.h */ = {isa = PBXFileReference; fileEncoding = 4; lastKnownFileType = sourcecode.c.h; name = StreamLogoImageView.h; path = Classes/Views/StreamLogoImageView.h; sourceTree = SOURCE_ROOT; };
		93A3A1351768EA5B00913C9A /* StreamLogoImageView.m */ = {isa = PBXFileReference; fileEncoding = 4; lastKnownFileType = sourcecode.c.objc; name = StreamLogoImageView.m; path = Classes/Views/StreamLogoImageView.m; sourceTree = SOURCE_ROOT; };
		93A9B67918C2640A000BF53E /* LoginButtonCell.h */ = {isa = PBXFileReference; fileEncoding = 4; lastKnownFileType = sourcecode.c.h; name = LoginButtonCell.h; path = Classes/Views/LoginButtonCell.h; sourceTree = SOURCE_ROOT; };
		93A9B67A18C2640A000BF53E /* LoginButtonCell.m */ = {isa = PBXFileReference; fileEncoding = 4; lastKnownFileType = sourcecode.c.objc; name = LoginButtonCell.m; path = Classes/Views/LoginButtonCell.m; sourceTree = SOURCE_ROOT; };
		93AB1A9E177DF5850038DB27 /* DarkShadowTextField.h */ = {isa = PBXFileReference; fileEncoding = 4; lastKnownFileType = sourcecode.c.h; name = DarkShadowTextField.h; path = Classes/Views/DarkShadowTextField.h; sourceTree = SOURCE_ROOT; };
		93AB1AA0177DF5B20038DB27 /* DarkShadowTextField.m */ = {isa = PBXFileReference; fileEncoding = 4; lastKnownFileType = sourcecode.c.objc; name = DarkShadowTextField.m; path = Classes/Views/DarkShadowTextField.m; sourceTree = SOURCE_ROOT; };
		93AB1AAB177F97F10038DB27 /* Preferences.h */ = {isa = PBXFileReference; fileEncoding = 4; lastKnownFileType = sourcecode.c.h; name = Preferences.h; path = Classes/Application/Preferences.h; sourceTree = SOURCE_ROOT; };
		93AB1AAC177F97F10038DB27 /* Preferences.m */ = {isa = PBXFileReference; fileEncoding = 4; lastKnownFileType = sourcecode.c.objc; name = Preferences.m; path = Classes/Application/Preferences.m; sourceTree = SOURCE_ROOT; };
		93BD3CB41793D9EA001A0C6F /* Icon.iconset */ = {isa = PBXFileReference; lastKnownFileType = folder.iconset; name = Icon.iconset; path = Assets/Images/Icon.iconset; sourceTree = SOURCE_ROOT; };
		93BE57BA1773C3C8008CB04E /* ServiceManagement.framework */ = {isa = PBXFileReference; lastKnownFileType = wrapper.framework; name = ServiceManagement.framework; path = System/Library/Frameworks/ServiceManagement.framework; sourceTree = SDKROOT; };
		93BE57C31773D941008CB04E /* ShiverHelper.app */ = {isa = PBXFileReference; explicitFileType = wrapper.application; includeInIndex = 0; path = ShiverHelper.app; sourceTree = BUILT_PRODUCTS_DIR; };
		93BE57C71773D941008CB04E /* Info.plist */ = {isa = PBXFileReference; lastKnownFileType = text.plist.xml; path = Info.plist; sourceTree = "<group>"; };
		93BE57C91773D941008CB04E /* en */ = {isa = PBXFileReference; lastKnownFileType = text.plist.strings; name = en; path = en.lproj/InfoPlist.strings; sourceTree = "<group>"; };
		93BE57CB1773D941008CB04E /* main.m */ = {isa = PBXFileReference; lastKnownFileType = sourcecode.c.objc; path = main.m; sourceTree = "<group>"; };
		93BE57CD1773D941008CB04E /* Prefix.pch */ = {isa = PBXFileReference; lastKnownFileType = sourcecode.c.h; path = Prefix.pch; sourceTree = "<group>"; };
		93BE57CF1773D941008CB04E /* en */ = {isa = PBXFileReference; lastKnownFileType = text.rtf; name = en; path = en.lproj/Credits.rtf; sourceTree = "<group>"; };
		93BE57D11773D941008CB04E /* ApplicationDelegate.h */ = {isa = PBXFileReference; lastKnownFileType = sourcecode.c.h; path = ApplicationDelegate.h; sourceTree = "<group>"; };
		93BE57D21773D941008CB04E /* ApplicationDelegate.m */ = {isa = PBXFileReference; lastKnownFileType = sourcecode.c.objc; path = ApplicationDelegate.m; sourceTree = "<group>"; };
		93BE57D51773D941008CB04E /* en */ = {isa = PBXFileReference; lastKnownFileType = file.xib; name = en; path = en.lproj/Menu.xib; sourceTree = "<group>"; };
		93BE57DD1773DDCC008CB04E /* ShiverHelper.entitlements */ = {isa = PBXFileReference; lastKnownFileType = text.xml; path = ShiverHelper.entitlements; sourceTree = SOURCE_ROOT; };
		93C0A7A218B7FBDE005943E8 /* StreamListView.h */ = {isa = PBXFileReference; fileEncoding = 4; lastKnownFileType = sourcecode.c.h; name = StreamListView.h; path = Classes/Views/StreamListView.h; sourceTree = SOURCE_ROOT; };
		93C0A7A318B7FBDE005943E8 /* StreamListView.m */ = {isa = PBXFileReference; fileEncoding = 4; lastKnownFileType = sourcecode.c.objc; name = StreamListView.m; path = Classes/Views/StreamListView.m; sourceTree = SOURCE_ROOT; };
		93C0A7A518B81E25005943E8 /* JLNFadingScrollView.h */ = {isa = PBXFileReference; fileEncoding = 4; lastKnownFileType = sourcecode.c.h; name = JLNFadingScrollView.h; path = Extensions/JLNFadingScrollView.h; sourceTree = SOURCE_ROOT; };
		93C0A7A618B81E25005943E8 /* JLNFadingScrollView.m */ = {isa = PBXFileReference; fileEncoding = 4; lastKnownFileType = sourcecode.c.objc; name = JLNFadingScrollView.m; path = Extensions/JLNFadingScrollView.m; sourceTree = SOURCE_ROOT; };
		93C0A7A818B824BB005943E8 /* StreamViewerView.h */ = {isa = PBXFileReference; fileEncoding = 4; lastKnownFileType = sourcecode.c.h; name = StreamViewerView.h; path = Classes/Views/StreamViewerView.h; sourceTree = SOURCE_ROOT; };
		93C0A7A918B824BB005943E8 /* StreamViewerView.m */ = {isa = PBXFileReference; fileEncoding = 4; lastKnownFileType = sourcecode.c.objc; name = StreamViewerView.m; path = Classes/Views/StreamViewerView.m; sourceTree = SOURCE_ROOT; };
		93C0A7AC18B84AD8005943E8 /* TitleView.h */ = {isa = PBXFileReference; fileEncoding = 4; lastKnownFileType = sourcecode.c.h; name = TitleView.h; path = Classes/Views/TitleView.h; sourceTree = SOURCE_ROOT; };
		93C0A7AD18B84AD8005943E8 /* TitleView.m */ = {isa = PBXFileReference; fileEncoding = 4; lastKnownFileType = sourcecode.c.objc; name = TitleView.m; path = Classes/Views/TitleView.m; sourceTree = SOURCE_ROOT; };
		93C0A7B218B94242005943E8 /* NSBezierPath-PXRoundedRectangleAdditions.h */ = {isa = PBXFileReference; fileEncoding = 4; lastKnownFileType = sourcecode.c.h; name = "NSBezierPath-PXRoundedRectangleAdditions.h"; path = "Extensions/Categories/NSBezierPath-PXRoundedRectangleAdditions.h"; sourceTree = SOURCE_ROOT; };
		93C0A7B318B94242005943E8 /* NSBezierPath-PXRoundedRectangleAdditions.m */ = {isa = PBXFileReference; fileEncoding = 4; lastKnownFileType = sourcecode.c.objc; name = "NSBezierPath-PXRoundedRectangleAdditions.m"; path = "Extensions/Categories/NSBezierPath-PXRoundedRectangleAdditions.m"; sourceTree = SOURCE_ROOT; };
		93C0A7C618B99771005943E8 /* Butter.framework */ = {isa = PBXFileReference; lastKnownFileType = wrapper.framework; name = Butter.framework; path = External/Butter/build/Debug/Butter.framework; sourceTree = "<group>"; };
		93C0A7D218B9A9D2005943E8 /* ProfileButtonCell.h */ = {isa = PBXFileReference; fileEncoding = 4; lastKnownFileType = sourcecode.c.h; name = ProfileButtonCell.h; path = Classes/Views/ProfileButtonCell.h; sourceTree = SOURCE_ROOT; };
		93C0A7D318B9A9D2005943E8 /* ProfileButtonCell.m */ = {isa = PBXFileReference; fileEncoding = 4; lastKnownFileType = sourcecode.c.objc; name = ProfileButtonCell.m; path = Classes/Views/ProfileButtonCell.m; sourceTree = SOURCE_ROOT; };
		93C0A7D518B9B02B005943E8 /* FollowButtonCell.h */ = {isa = PBXFileReference; fileEncoding = 4; lastKnownFileType = sourcecode.c.h; name = FollowButtonCell.h; path = Classes/Views/FollowButtonCell.h; sourceTree = SOURCE_ROOT; };
		93C0A7D618B9B02B005943E8 /* FollowButtonCell.m */ = {isa = PBXFileReference; fileEncoding = 4; lastKnownFileType = sourcecode.c.objc; name = FollowButtonCell.m; path = Classes/Views/FollowButtonCell.m; sourceTree = SOURCE_ROOT; };
		93C0A7D818BAC545005943E8 /* StreamListSectionView.h */ = {isa = PBXFileReference; fileEncoding = 4; lastKnownFileType = sourcecode.c.h; name = StreamListSectionView.h; path = Classes/Views/StreamListSectionView.h; sourceTree = SOURCE_ROOT; };
		93C0A7D918BAC545005943E8 /* StreamListSectionView.m */ = {isa = PBXFileReference; fileEncoding = 4; lastKnownFileType = sourcecode.c.objc; name = StreamListSectionView.m; path = Classes/Views/StreamListSectionView.m; sourceTree = SOURCE_ROOT; };
		93C0A7DB18BAC56E005943E8 /* StreamListSectionView.xib */ = {isa = PBXFileReference; fileEncoding = 4; lastKnownFileType = file.xib; name = StreamListSectionView.xib; path = Assets/NIBs/StreamListSectionView.xib; sourceTree = SOURCE_ROOT; };
		93D15B561772C16300643D95 /* Shiver.entitlements */ = {isa = PBXFileReference; lastKnownFileType = text.xml; path = Shiver.entitlements; sourceTree = SOURCE_ROOT; };
		93D15BA817736EB100643D95 /* GeneralView.xib */ = {isa = PBXFileReference; fileEncoding = 4; lastKnownFileType = file.xib; name = GeneralView.xib; path = Assets/NIBs/GeneralView.xib; sourceTree = SOURCE_ROOT; };
		93D15BAA17736ED900643D95 /* GeneralViewController.h */ = {isa = PBXFileReference; fileEncoding = 4; lastKnownFileType = sourcecode.c.h; name = GeneralViewController.h; path = Classes/Controllers/GeneralViewController.h; sourceTree = SOURCE_ROOT; };
		93D15BAB17736ED900643D95 /* GeneralViewController.m */ = {isa = PBXFileReference; fileEncoding = 4; lastKnownFileType = sourcecode.c.objc; name = GeneralViewController.m; path = Classes/Controllers/GeneralViewController.m; sourceTree = SOURCE_ROOT; };
		93E65B8618C65A9A00196B6A /* Pause.png */ = {isa = PBXFileReference; lastKnownFileType = image.png; name = Pause.png; path = Assets/Images/Pause.png; sourceTree = SOURCE_ROOT; };
		93E65B8718C65A9A00196B6A /* Pause@2x.png */ = {isa = PBXFileReference; lastKnownFileType = image.png; name = "Pause@2x.png"; path = "Assets/Images/Pause@2x.png"; sourceTree = SOURCE_ROOT; };
		93E65B8818C65A9A00196B6A /* Play.png */ = {isa = PBXFileReference; lastKnownFileType = image.png; name = Play.png; path = Assets/Images/Play.png; sourceTree = SOURCE_ROOT; };
		93E65B8918C65A9A00196B6A /* Play@2x.png */ = {isa = PBXFileReference; lastKnownFileType = image.png; name = "Play@2x.png"; path = "Assets/Images/Play@2x.png"; sourceTree = SOURCE_ROOT; };
		93E65B8E18C65F1800196B6A /* Reload.png */ = {isa = PBXFileReference; lastKnownFileType = image.png; name = Reload.png; path = Assets/Images/Reload.png; sourceTree = SOURCE_ROOT; };
		93E65B8F18C65F1800196B6A /* Reload@2x.png */ = {isa = PBXFileReference; lastKnownFileType = image.png; name = "Reload@2x.png"; path = "Assets/Images/Reload@2x.png"; sourceTree = SOURCE_ROOT; };
		93F6770718BD50BC0064F005 /* EmptyViewerView.h */ = {isa = PBXFileReference; fileEncoding = 4; lastKnownFileType = sourcecode.c.h; name = EmptyViewerView.h; path = Classes/Views/EmptyViewerView.h; sourceTree = SOURCE_ROOT; };
		93F6770818BD50BC0064F005 /* EmptyViewerView.m */ = {isa = PBXFileReference; fileEncoding = 4; lastKnownFileType = sourcecode.c.objc; name = EmptyViewerView.m; path = Classes/Views/EmptyViewerView.m; sourceTree = SOURCE_ROOT; };
		A795A5CACCC44DC59B59DAEC /* libPods.a */ = {isa = PBXFileReference; explicitFileType = archive.ar; includeInIndex = 0; path = libPods.a; sourceTree = BUILT_PRODUCTS_DIR; };
		AF671BDFC2FC4B05989329A6 /* Pods.xcconfig */ = {isa = PBXFileReference; includeInIndex = 1; lastKnownFileType = text.xcconfig; name = Pods.xcconfig; path = Pods/Pods.xcconfig; sourceTree = SOURCE_ROOT; };
/* End PBXFileReference section */

/* Begin PBXFrameworksBuildPhase section */
		932C29931761AE0B0049EC1B /* Frameworks */ = {
			isa = PBXFrameworksBuildPhase;
			buildActionMask = 2147483647;
			files = (
				934D109718C67648007D3E6F /* Butter.framework in Frameworks */,
				932C299A1761AE0B0049EC1B /* Cocoa.framework in Frameworks */,
				93A3A12D1767A66F00913C9A /* CoreServices.framework in Frameworks */,
				93BE57BB1773C3C8008CB04E /* ServiceManagement.framework in Frameworks */,
				93918315176A9E7000367399 /* SystemConfiguration.framework in Frameworks */,
				93A3A1271766E25300913C9A /* WebKit.framework in Frameworks */,
				B6DF44B2DA7C4BEBB50E791C /* libPods.a in Frameworks */,
			);
			runOnlyForDeploymentPostprocessing = 0;
		};
		93BE57C01773D941008CB04E /* Frameworks */ = {
			isa = PBXFrameworksBuildPhase;
			buildActionMask = 2147483647;
			files = (
				93BE57C41773D941008CB04E /* Cocoa.framework in Frameworks */,
			);
			runOnlyForDeploymentPostprocessing = 0;
		};
/* End PBXFrameworksBuildPhase section */

/* Begin PBXGroup section */
		932C298D1761AE0B0049EC1B = {
			isa = PBXGroup;
			children = (
				934D108D18C67593007D3E6F /* Butter.xcodeproj */,
				932C299F1761AE0B0049EC1B /* Shiver */,
				93BE57C51773D941008CB04E /* ShiverHelper */,
				932C29981761AE0B0049EC1B /* Frameworks */,
				932C29971761AE0B0049EC1B /* Products */,
				AF671BDFC2FC4B05989329A6 /* Pods.xcconfig */,
			);
			sourceTree = "<group>";
		};
		932C29971761AE0B0049EC1B /* Products */ = {
			isa = PBXGroup;
			children = (
				932C29961761AE0B0049EC1B /* Shiver.app */,
				93BE57C31773D941008CB04E /* ShiverHelper.app */,
			);
			name = Products;
			sourceTree = "<group>";
		};
		932C29981761AE0B0049EC1B /* Frameworks */ = {
			isa = PBXGroup;
			children = (
				93C0A7C618B99771005943E8 /* Butter.framework */,
				A795A5CACCC44DC59B59DAEC /* libPods.a */,
				932C29991761AE0B0049EC1B /* Cocoa.framework */,
				93A3A12C1767A66F00913C9A /* CoreServices.framework */,
				936327DC1765150000146C8A /* SystemConfiguration.framework */,
				93BE57BA1773C3C8008CB04E /* ServiceManagement.framework */,
				93A3A1261766E25300913C9A /* WebKit.framework */,
				932C299B1761AE0B0049EC1B /* Other Frameworks */,
			);
			name = Frameworks;
			sourceTree = "<group>";
		};
		932C299B1761AE0B0049EC1B /* Other Frameworks */ = {
			isa = PBXGroup;
			children = (
				932C299C1761AE0B0049EC1B /* AppKit.framework */,
				932C299D1761AE0B0049EC1B /* CoreData.framework */,
				932C299E1761AE0B0049EC1B /* Foundation.framework */,
			);
			name = "Other Frameworks";
			sourceTree = "<group>";
		};
		932C299F1761AE0B0049EC1B /* Shiver */ = {
			isa = PBXGroup;
			children = (
				936327B41763B73700146C8A /* Assets */,
				93462653176273D500F947FE /* Classes */,
				934C25DC17775E790038E5DB /* Extensions */,
				932C29A01761AE0B0049EC1B /* Supporting Files */,
			);
			path = Shiver;
			sourceTree = "<group>";
		};
		932C29A01761AE0B0049EC1B /* Supporting Files */ = {
			isa = PBXGroup;
			children = (
				932C29BE1761AF460049EC1B /* Credits.rtf */,
				932C29B91761AF0B0049EC1B /* Info.plist */,
				932C29C01761AF460049EC1B /* InfoPlist.strings */,
				932C29BA1761AF0B0049EC1B /* main.m */,
				934626581762798100F947FE /* Podfile */,
				932C29BB1761AF0B0049EC1B /* Prefix.pch */,
				93D15B561772C16300643D95 /* Shiver.entitlements */,
			);
			name = "Supporting Files";
			sourceTree = "<group>";
		};
		93462653176273D500F947FE /* Classes */ = {
			isa = PBXGroup;
			children = (
				93AB1AAA177F97D80038DB27 /* Application */,
				936327B71763BAE100146C8A /* Controllers */,
				93462654176273E500F947FE /* Models */,
				936327DE1765262E00146C8A /* Networking */,
				938CD22D18AD7E170062C4D0 /* Superclasses */,
				936327D61764468B00146C8A /* Views */,
				938CD21C18AAB2680062C4D0 /* View Models */,
				93A3A1311768571A00913C9A /* Constants.h */,
				93A3A1321768571B00913C9A /* Constants.m */,
				932C29C71761AF800049EC1B /* ShiverApplication.h */,
				932C29C81761AF800049EC1B /* ShiverApplication.m */,
			);
			path = Classes;
			sourceTree = "<group>";
		};
		93462654176273E500F947FE /* Models */ = {
			isa = PBXGroup;
			children = (
				936327D91764F9BB00146C8A /* Channel.h */,
				936327DA1764F9BB00146C8A /* Channel.m */,
				934626551762740E00F947FE /* Stream.h */,
				934626561762740E00F947FE /* Stream.m */,
				93A3A12E1768071C00913C9A /* User.h */,
				93A3A12F1768071C00913C9A /* User.m */,
			);
			path = Models;
			sourceTree = "<group>";
		};
		934C25DC17775E790038E5DB /* Extensions */ = {
			isa = PBXGroup;
			children = (
				93A3A1251766DFDF00913C9A /* Categories */,
				93C0A7A518B81E25005943E8 /* JLNFadingScrollView.h */,
				93C0A7A618B81E25005943E8 /* JLNFadingScrollView.m */,
			);
			path = Extensions;
			sourceTree = "<group>";
		};
		934D108E18C67593007D3E6F /* Products */ = {
			isa = PBXGroup;
			children = (
				934D109218C67593007D3E6F /* Butter.framework */,
			);
			name = Products;
			sourceTree = "<group>";
		};
		936327B41763B73700146C8A /* Assets */ = {
			isa = PBXGroup;
			children = (
				9391830E176A827300367399 /* Images */,
				936327D21764288E00146C8A /* NIBs */,
				936327C01763C8AE00146C8A /* Templates */,
			);
			name = Assets;
			sourceTree = "<group>";
		};
		936327B71763BAE100146C8A /* Controllers */ = {
			isa = PBXGroup;
			children = (
				93A3A11E17658E2B00913C9A /* Preferences */,
				933EC0E2177BDE560041D020 /* AboutWindowController.h */,
				933EC0E3177BDE560041D020 /* AboutWindowController.m */,
				936327BD1763C25B00146C8A /* ApplicationController.h */,
				936327BE1763C25B00146C8A /* ApplicationController.m */,
				938CD21418A5C4F00062C4D0 /* MainWindowController.h */,
				938CD21518A5C4F00062C4D0 /* MainWindowController.m */,
				936327CD1764287100146C8A /* StreamListViewController.h */,
				936327CE1764287100146C8A /* StreamListViewController.m */,
				938CD23418AE116E0062C4D0 /* StreamViewerViewController.h */,
				938CD23518AE116E0062C4D0 /* StreamViewerViewController.m */,
				936327B81763BB1000146C8A /* WindowController.h */,
				936327B91763BB1000146C8A /* WindowController.m */,
			);
			name = Controllers;
			sourceTree = "<group>";
		};
		936327C01763C8AE00146C8A /* Templates */ = {
			isa = PBXGroup;
			children = (
				939A7B581782A472009121D6 /* StatusItem.pdf */,
				939A7B5A1782A53E009121D6 /* StatusItemAlternate.pdf */,
				936327C11763C91300146C8A /* TwitchGlitchPurple.pdf */,
				936327C21763C91300146C8A /* TwitchGlitchWhite.pdf */,
				9301E9E5176A635800C46750 /* TwitchLogoWhite.pdf */,
				939E8B6C1771681D006D6442 /* ViewersTemplate.pdf */,
			);
			name = Templates;
			path = Assets/Templates;
			sourceTree = "<group>";
		};
		936327D21764288E00146C8A /* NIBs */ = {
			isa = PBXGroup;
			children = (
				93A3A12417658EF600913C9A /* Preferences */,
				933EC0E4177BDE560041D020 /* AboutWindow.xib */,
				9301E9E2176A478300C46750 /* EmptyErrorView.xib */,
				932423A31772950A00374EB9 /* LoginRequiredView.xib */,
				938CD21018A5AA160062C4D0 /* MainWindow.xib */,
				93636A7D1761B03D00980570 /* Menu.xib */,
				936327D71764670300146C8A /* StreamListItemView.xib */,
				93C0A7DB18BAC56E005943E8 /* StreamListSectionView.xib */,
				936327CF1764287100146C8A /* StreamListView.xib */,
				938CD21218A5AFB90062C4D0 /* StreamViewer.xib */,
			);
			name = NIBs;
			path = Assets/NIBs;
			sourceTree = "<group>";
		};
		936327D61764468B00146C8A /* Views */ = {
			isa = PBXGroup;
			children = (
				939E8B9317728326006D6442 /* Custom UI */,
				939E8B921772830A006D6442 /* Main Window */,
				93A3A12817679C6600913C9A /* Preferences */,
				938A766617710AD30094A361 /* Stream List */,
				93C0A7B818B98D9B005943E8 /* Stream Viewer */,
				933EC0EA177C1F210041D020 /* AboutView.h */,
				933EC0EB177C1F210041D020 /* AboutView.m */,
			);
			path = Views;
			sourceTree = "<group>";
		};
		936327DE1765262E00146C8A /* Networking */ = {
			isa = PBXGroup;
			children = (
				936327DF1765268200146C8A /* TwitchAPIClient.h */,
				936327E01765268200146C8A /* TwitchAPIClient.m */,
			);
			path = Networking;
			sourceTree = "<group>";
		};
		938A766617710AD30094A361 /* Stream List */ = {
			isa = PBXGroup;
			children = (
				931E25281778B7B20081162C /* EmptyErrorView.h */,
				931E25291778B7B20081162C /* EmptyErrorView.m */,
				939A7B6E1783723D009121D6 /* LoadingView.h */,
				939A7B6F1783723D009121D6 /* LoadingView.m */,
				936327D31764468400146C8A /* StreamListItemView.h */,
				936327D41764468500146C8A /* StreamListItemView.m */,
				93C0A7D818BAC545005943E8 /* StreamListSectionView.h */,
				93C0A7D918BAC545005943E8 /* StreamListSectionView.m */,
				93C0A7A218B7FBDE005943E8 /* StreamListView.h */,
				93C0A7A318B7FBDE005943E8 /* StreamListView.m */,
				93A3A1341768EA5B00913C9A /* StreamLogoImageView.h */,
				93A3A1351768EA5B00913C9A /* StreamLogoImageView.m */,
			);
			name = "Stream List";
			sourceTree = "<group>";
		};
		938CD21C18AAB2680062C4D0 /* View Models */ = {
			isa = PBXGroup;
			children = (
				938CD23A18AE22160062C4D0 /* StreamListViewModel.h */,
				938CD23B18AE22160062C4D0 /* StreamListViewModel.m */,
				938CD23718AE188A0062C4D0 /* StreamViewModel.h */,
				938CD23818AE188A0062C4D0 /* StreamViewModel.m */,
				938CD21D18AABA270062C4D0 /* UserViewModel.h */,
				938CD21E18AABA270062C4D0 /* UserViewModel.m */,
			);
			path = "View Models";
			sourceTree = "<group>";
		};
		938CD22D18AD7E170062C4D0 /* Superclasses */ = {
			isa = PBXGroup;
			children = (
				938CD23118AD7E720062C4D0 /* SHViewController.h */,
				938CD23218AD7E720062C4D0 /* SHViewController.m */,
				938CD22E18AD7E5D0062C4D0 /* SHWindowController.h */,
				938CD22F18AD7E5D0062C4D0 /* SHWindowController.m */,
			);
			name = Superclasses;
			sourceTree = "<group>";
		};
		9391830E176A827300367399 /* Images */ = {
			isa = PBXGroup;
			children = (
				9324239B17728FBF00374EB9 /* EmptyStreamList.png */,
				9324239C17728FBF00374EB9 /* EmptyStreamList@2x.png */,
				93462A05177CB14D00C928CA /* Error.png */,
				93462A06177CB14D00C928CA /* Error@2x.png */,
				938CD21718A6BCD40062C4D0 /* Icon.icns */,
				93BD3CB41793D9EA001A0C6F /* Icon.iconset */,
				9324239F1772945800374EB9 /* LoginKeys.png */,
				932423A01772945800374EB9 /* LoginKeys@2x.png */,
				93E65B8618C65A9A00196B6A /* Pause.png */,
				93E65B8718C65A9A00196B6A /* Pause@2x.png */,
				93E65B8818C65A9A00196B6A /* Play.png */,
				93E65B8918C65A9A00196B6A /* Play@2x.png */,
				939A7B651783462B009121D6 /* PreferencesGeneral.png */,
				939A7B661783462B009121D6 /* PreferencesGeneral@2x.png */,
				9391830F176A828500367399 /* PreferencesGlitch.png */,
				93918310176A828500367399 /* PreferencesGlitch@2x.png */,
				939E8B7017717BAF006D6442 /* RefreshInactive.png */,
				939E8B7117717BAF006D6442 /* RefreshInactive@2x.png */,
				93E65B8E18C65F1800196B6A /* Reload.png */,
				93E65B8F18C65F1800196B6A /* Reload@2x.png */,
			);
			name = Images;
			path = Assets/Images;
			sourceTree = "<group>";
		};
		939E8B921772830A006D6442 /* Main Window */ = {
			isa = PBXGroup;
			children = (
				93A9B67918C2640A000BF53E /* LoginButtonCell.h */,
				93A9B67A18C2640A000BF53E /* LoginButtonCell.m */,
				935378F7177B696F0069AEFC /* LoginRequiredView.h */,
				935378F8177B696F0069AEFC /* LoginRequiredView.m */,
				9310D0EE1780FBA80052C25C /* MainWindow.h */,
				9310D0EF1780FBA80052C25C /* MainWindow.m */,
				93C0A7AC18B84AD8005943E8 /* TitleView.h */,
				93C0A7AD18B84AD8005943E8 /* TitleView.m */,
				939E8B8C17727456006D6442 /* UserImageView.h */,
				939E8B8D17727456006D6442 /* UserImageView.m */,
			);
			name = "Main Window";
			sourceTree = "<group>";
		};
		939E8B9317728326006D6442 /* Custom UI */ = {
			isa = PBXGroup;
			children = (
				93AB1A9E177DF5850038DB27 /* DarkShadowTextField.h */,
				93AB1AA0177DF5B20038DB27 /* DarkShadowTextField.m */,
				931E254017791FC70081162C /* InnerShadowView.h */,
				931E254117791FC70081162C /* InnerShadowView.m */,
				939E8B69177161A8006D6442 /* LightShadowTextField.h */,
				939E8B6A177161A8006D6442 /* LightShadowTextField.m */,
			);
			name = "Custom UI";
			sourceTree = "<group>";
		};
		93A3A11E17658E2B00913C9A /* Preferences */ = {
			isa = PBXGroup;
			children = (
				93D15BAA17736ED900643D95 /* GeneralViewController.h */,
				93D15BAB17736ED900643D95 /* GeneralViewController.m */,
				93A3A11F17658ED200913C9A /* LoginViewController.h */,
				93A3A12017658ED200913C9A /* LoginViewController.m */,
			);
			name = Preferences;
			sourceTree = "<group>";
		};
		93A3A12417658EF600913C9A /* Preferences */ = {
			isa = PBXGroup;
			children = (
				93D15BA817736EB100643D95 /* GeneralView.xib */,
				93A3A12117658ED200913C9A /* LoginView.xib */,
			);
			name = Preferences;
			sourceTree = "<group>";
		};
		93A3A1251766DFDF00913C9A /* Categories */ = {
			isa = PBXGroup;
			children = (
				93462A02177CA6FA00C928CA /* NSAttributedString+Hyperlink.h */,
				93462A03177CA6FA00C928CA /* NSAttributedString+Hyperlink.m */,
				93C0A7B218B94242005943E8 /* NSBezierPath-PXRoundedRectangleAdditions.h */,
				93C0A7B318B94242005943E8 /* NSBezierPath-PXRoundedRectangleAdditions.m */,
				938A7667177122130094A361 /* NSImage+MGCropExtensions.h */,
				938A7668177122130094A361 /* NSImage+MGCropExtensions.m */,
				934C25DE1777639E0038E5DB /* NSImageView+AFNetworking.h */,
				934C25DF1777639E0038E5DB /* NSImageView+AFNetworking.m */,
				931E253A17790FC20081162C /* NSLayoutConstraint+Equations.h */,
				931E253B17790FC20081162C /* NSLayoutConstraint+Equations.m */,
				936314161785346300AED886 /* NSView+Animations.h */,
				936314171785346300AED886 /* NSView+Animations.m */,
				935378F0177A010B0069AEFC /* NSView+SHExtensions.h */,
				935378F1177A010B0069AEFC /* NSView+SHExtensions.m */,
				93941139178896E4003D1346 /* NSWindow+SHExtensions.h */,
				9394113A178896E4003D1346 /* NSWindow+SHExtensions.m */,
			);
			path = Categories;
			sourceTree = "<group>";
		};
		93A3A12817679C6600913C9A /* Preferences */ = {
			isa = PBXGroup;
			children = (
				93A3A12917679C8100913C9A /* LoginView.h */,
				93A3A12A17679C8100913C9A /* LoginView.m */,
			);
			name = Preferences;
			sourceTree = "<group>";
		};
		93AB1AAA177F97D80038DB27 /* Application */ = {
			isa = PBXGroup;
			children = (
				938CD22018AB3A370062C4D0 /* AccountManager.h */,
				938CD22118AB3A370062C4D0 /* AccountManager.m */,
				93AB1AAB177F97F10038DB27 /* Preferences.h */,
				93AB1AAC177F97F10038DB27 /* Preferences.m */,
			);
			name = Application;
			sourceTree = "<group>";
		};
		93BE57C51773D941008CB04E /* ShiverHelper */ = {
			isa = PBXGroup;
			children = (
				93BE57D11773D941008CB04E /* ApplicationDelegate.h */,
				93BE57D21773D941008CB04E /* ApplicationDelegate.m */,
				93BE57D41773D941008CB04E /* Menu.xib */,
				93BE57C61773D941008CB04E /* Supporting Files */,
			);
			name = ShiverHelper;
			path = Helper;
			sourceTree = "<group>";
		};
		93BE57C61773D941008CB04E /* Supporting Files */ = {
			isa = PBXGroup;
			children = (
				93BE57CE1773D941008CB04E /* Credits.rtf */,
				93BE57C71773D941008CB04E /* Info.plist */,
				93BE57C81773D941008CB04E /* InfoPlist.strings */,
				93BE57CB1773D941008CB04E /* main.m */,
				93BE57CD1773D941008CB04E /* Prefix.pch */,
				93BE57DD1773DDCC008CB04E /* ShiverHelper.entitlements */,
			);
			name = "Supporting Files";
			sourceTree = "<group>";
		};
		93C0A7B818B98D9B005943E8 /* Stream Viewer */ = {
			isa = PBXGroup;
			children = (
				93C0A7D518B9B02B005943E8 /* FollowButtonCell.h */,
				93C0A7D618B9B02B005943E8 /* FollowButtonCell.m */,
				93F6770718BD50BC0064F005 /* EmptyViewerView.h */,
				93F6770818BD50BC0064F005 /* EmptyViewerView.m */,
				93C0A7D218B9A9D2005943E8 /* ProfileButtonCell.h */,
				93C0A7D318B9A9D2005943E8 /* ProfileButtonCell.m */,
				93C0A7A818B824BB005943E8 /* StreamViewerView.h */,
				93C0A7A918B824BB005943E8 /* StreamViewerView.m */,
			);
			name = "Stream Viewer";
			sourceTree = "<group>";
		};
/* End PBXGroup section */

/* Begin PBXNativeTarget section */
		932C29951761AE0B0049EC1B /* Shiver */ = {
			isa = PBXNativeTarget;
			buildConfigurationList = 932C29B31761AE0B0049EC1B /* Build configuration list for PBXNativeTarget "Shiver" */;
			buildPhases = (
				9301E9E7176A66CF00C46750 /* ShellScript */,
				5BD4470A08354C6285B15378 /* Check Pods Manifest.lock */,
				932C29921761AE0B0049EC1B /* Sources */,
				932C29931761AE0B0049EC1B /* Frameworks */,
				932C29941761AE0B0049EC1B /* Resources */,
				ADBB9DB2641844318B22B995 /* Copy Pods Resources */,
				934D109518C67602007D3E6F /* Copy Frameworks */,
				93BE57DA1773DA73008CB04E /* Copy Helper Application */,
				93B7B54C18208A9B00B7EF45 /* ShellScript */,
			);
			buildRules = (
			);
			dependencies = (
				934D109418C675CB007D3E6F /* PBXTargetDependency */,
			);
			name = Shiver;
			productName = Shiver;
			productReference = 932C29961761AE0B0049EC1B /* Shiver.app */;
			productType = "com.apple.product-type.application";
		};
		93BE57C21773D941008CB04E /* ShiverHelper */ = {
			isa = PBXNativeTarget;
			buildConfigurationList = 93BE57D71773D941008CB04E /* Build configuration list for PBXNativeTarget "ShiverHelper" */;
			buildPhases = (
				93BE57DC1773DAFC008CB04E /* ShellScript */,
				93BE57BF1773D941008CB04E /* Sources */,
				93BE57C01773D941008CB04E /* Frameworks */,
				93BE57C11773D941008CB04E /* Resources */,
			);
			buildRules = (
			);
			dependencies = (
			);
			name = ShiverHelper;
			productName = ShiverHelper;
			productReference = 93BE57C31773D941008CB04E /* ShiverHelper.app */;
			productType = "com.apple.product-type.application";
		};
/* End PBXNativeTarget section */

/* Begin PBXProject section */
		932C298E1761AE0B0049EC1B /* Project object */ = {
			isa = PBXProject;
			attributes = {
				CLASSPREFIX = SH;
				LastUpgradeCheck = 0500;
				ORGANIZATIONNAME = "Revyver, Inc.";
				TargetAttributes = {
					932C29951761AE0B0049EC1B = {
						DevelopmentTeam = 4T2N7EHXK3;
						SystemCapabilities = {
							com.apple.Sandbox = {
								enabled = 0;
							};
						};
					};
					93BE57C21773D941008CB04E = {
						DevelopmentTeam = 4T2N7EHXK3;
					};
				};
			};
			buildConfigurationList = 932C29911761AE0B0049EC1B /* Build configuration list for PBXProject "Shiver" */;
			compatibilityVersion = "Xcode 3.2";
			developmentRegion = English;
			hasScannedForEncodings = 0;
			knownRegions = (
				en,
			);
			mainGroup = 932C298D1761AE0B0049EC1B;
			productRefGroup = 932C29971761AE0B0049EC1B /* Products */;
			projectDirPath = "";
			projectReferences = (
				{
					ProductGroup = 934D108E18C67593007D3E6F /* Products */;
					ProjectRef = 934D108D18C67593007D3E6F /* Butter.xcodeproj */;
				},
			);
			projectRoot = "";
			targets = (
				932C29951761AE0B0049EC1B /* Shiver */,
				93BE57C21773D941008CB04E /* ShiverHelper */,
			);
		};
/* End PBXProject section */

/* Begin PBXReferenceProxy section */
		934D109218C67593007D3E6F /* Butter.framework */ = {
			isa = PBXReferenceProxy;
			fileType = wrapper.framework;
			path = Butter.framework;
			remoteRef = 934D109118C67593007D3E6F /* PBXContainerItemProxy */;
			sourceTree = BUILT_PRODUCTS_DIR;
		};
/* End PBXReferenceProxy section */

/* Begin PBXResourcesBuildPhase section */
		932C29941761AE0B0049EC1B /* Resources */ = {
			isa = PBXResourcesBuildPhase;
			buildActionMask = 2147483647;
			files = (
				93C0A7DC18BAC56E005943E8 /* StreamListSectionView.xib in Resources */,
				93E65B8B18C65A9A00196B6A /* Pause@2x.png in Resources */,
				933EC0E7177C039F0041D020 /* AboutWindow.xib in Resources */,
				939A7B671783462B009121D6 /* PreferencesGeneral.png in Resources */,
				938CD21818A6BCD40062C4D0 /* Icon.icns in Resources */,
				93E65B9018C65F1800196B6A /* Reload.png in Resources */,
				93636A801761B05C00980570 /* Menu.xib in Resources */,
				932C29C41761AF460049EC1B /* Credits.rtf in Resources */,
				932C29C51761AF460049EC1B /* InfoPlist.strings in Resources */,
				939A7B681783462B009121D6 /* PreferencesGeneral@2x.png in Resources */,
				934626591762798100F947FE /* Podfile in Resources */,
				938CD21318A5AFB90062C4D0 /* StreamViewer.xib in Resources */,
				936327C31763C91300146C8A /* TwitchGlitchPurple.pdf in Resources */,
				93E65B9118C65F1800196B6A /* Reload@2x.png in Resources */,
				936327C41763C91300146C8A /* TwitchGlitchWhite.pdf in Resources */,
				936327D11764287100146C8A /* StreamListView.xib in Resources */,
				936327D81764670300146C8A /* StreamListItemView.xib in Resources */,
				93462A07177CB15400C928CA /* Error.png in Resources */,
				93A3A12317658ED200913C9A /* LoginView.xib in Resources */,
				9301E9E4176A478300C46750 /* EmptyErrorView.xib in Resources */,
				93E65B8C18C65A9A00196B6A /* Play.png in Resources */,
				9301E9E6176A635800C46750 /* TwitchLogoWhite.pdf in Resources */,
				93918311176A828500367399 /* PreferencesGlitch.png in Resources */,
				93918312176A828500367399 /* PreferencesGlitch@2x.png in Resources */,
				939E8B6D1771681D006D6442 /* ViewersTemplate.pdf in Resources */,
				939E8B7417717BAF006D6442 /* RefreshInactive.png in Resources */,
				939E8B7517717BAF006D6442 /* RefreshInactive@2x.png in Resources */,
				9324239D17728FBF00374EB9 /* EmptyStreamList.png in Resources */,
				9324239E17728FBF00374EB9 /* EmptyStreamList@2x.png in Resources */,
				932423A11772945800374EB9 /* LoginKeys.png in Resources */,
				93E65B8D18C65A9A00196B6A /* Play@2x.png in Resources */,
				939A7B5B1782A53E009121D6 /* StatusItemAlternate.pdf in Resources */,
				93E65B8A18C65A9A00196B6A /* Pause.png in Resources */,
				932423A21772945800374EB9 /* LoginKeys@2x.png in Resources */,
				932423A41772950A00374EB9 /* LoginRequiredView.xib in Resources */,
				939A7B591782A537009121D6 /* StatusItem.pdf in Resources */,
				93D15BA917736EB100643D95 /* GeneralView.xib in Resources */,
				938CD21118A5AA160062C4D0 /* MainWindow.xib in Resources */,
				93462A08177CB15400C928CA /* Error@2x.png in Resources */,
				93BD3CB51793D9EA001A0C6F /* Icon.iconset in Resources */,
			);
			runOnlyForDeploymentPostprocessing = 0;
		};
		93BE57C11773D941008CB04E /* Resources */ = {
			isa = PBXResourcesBuildPhase;
			buildActionMask = 2147483647;
			files = (
				938CD21918A6BCDD0062C4D0 /* Icon.icns in Resources */,
				93BE57CA1773D941008CB04E /* InfoPlist.strings in Resources */,
				93BE57D01773D941008CB04E /* Credits.rtf in Resources */,
				93BE57D61773D941008CB04E /* Menu.xib in Resources */,
			);
			runOnlyForDeploymentPostprocessing = 0;
		};
/* End PBXResourcesBuildPhase section */

/* Begin PBXShellScriptBuildPhase section */
		5BD4470A08354C6285B15378 /* Check Pods Manifest.lock */ = {
			isa = PBXShellScriptBuildPhase;
			buildActionMask = 2147483647;
			files = (
			);
			inputPaths = (
			);
			name = "Check Pods Manifest.lock";
			outputPaths = (
			);
			runOnlyForDeploymentPostprocessing = 0;
			shellPath = /bin/sh;
			shellScript = "diff \"${PODS_ROOT}/../Podfile.lock\" \"${PODS_ROOT}/Manifest.lock\" > /dev/null\nif [[ $? != 0 ]] ; then\n    cat << EOM\nerror: The sandbox is not in sync with the Podfile.lock. Run 'pod install' or update your CocoaPods installation.\nEOM\n    exit 1\nfi\n";
		};
		9301E9E7176A66CF00C46750 /* ShellScript */ = {
			isa = PBXShellScriptBuildPhase;
			buildActionMask = 2147483647;
			files = (
			);
			inputPaths = (
			);
			outputPaths = (
			);
			runOnlyForDeploymentPostprocessing = 0;
			shellPath = /bin/sh;
			shellScript = "${PROJECT_DIR}/Tools/bump_build_number.sh \"${PROJECT_DIR}/${INFOPLIST_FILE}\"";
			showEnvVarsInLog = 0;
		};
		93B7B54C18208A9B00B7EF45 /* ShellScript */ = {
			isa = PBXShellScriptBuildPhase;
			buildActionMask = 2147483647;
			files = (
			);
			inputPaths = (
			);
			outputPaths = (
			);
			runOnlyForDeploymentPostprocessing = 0;
			shellPath = /bin/sh;
			shellScript = "#!/bin/sh\nrm ${BUILT_PRODUCTS_DIR}/${PRODUCT_NAME}.app/Contents/Library/LoginItems/${PRODUCT_NAME}Helper.app/Contents/embedded.provisionprofile";
		};
		93BE57DC1773DAFC008CB04E /* ShellScript */ = {
			isa = PBXShellScriptBuildPhase;
			buildActionMask = 2147483647;
			files = (
			);
			inputPaths = (
			);
			outputPaths = (
			);
			runOnlyForDeploymentPostprocessing = 0;
			shellPath = /bin/sh;
			shellScript = "${PROJECT_DIR}/Tools/bump_build_number.sh \"${INFOPLIST_FILE}\"";
		};
		ADBB9DB2641844318B22B995 /* Copy Pods Resources */ = {
			isa = PBXShellScriptBuildPhase;
			buildActionMask = 2147483647;
			files = (
			);
			inputPaths = (
			);
			name = "Copy Pods Resources";
			outputPaths = (
			);
			runOnlyForDeploymentPostprocessing = 0;
			shellPath = /bin/sh;
			shellScript = "\"${SRCROOT}/Pods/Pods-resources.sh\"\n";
		};
/* End PBXShellScriptBuildPhase section */

/* Begin PBXSourcesBuildPhase section */
		932C29921761AE0B0049EC1B /* Sources */ = {
			isa = PBXSourcesBuildPhase;
			buildActionMask = 2147483647;
			files = (
				933EC0E6177C031A0041D020 /* AboutWindowController.m in Sources */,
				932C29BD1761AF0B0049EC1B /* main.m in Sources */,
				93C0A7B418B94242005943E8 /* NSBezierPath-PXRoundedRectangleAdditions.m in Sources */,
				932C29C91761AF800049EC1B /* ShiverApplication.m in Sources */,
				934626571762740E00F947FE /* Stream.m in Sources */,
				936327BB1763BB1000146C8A /* WindowController.m in Sources */,
				93AB1AA1177DF5B20038DB27 /* DarkShadowTextField.m in Sources */,
				93AB1AAD177F97F10038DB27 /* Preferences.m in Sources */,
				93A9B67B18C2640A000BF53E /* LoginButtonCell.m in Sources */,
				93C0A7AE18B84AD8005943E8 /* TitleView.m in Sources */,
				938CD23318AD7E720062C4D0 /* SHViewController.m in Sources */,
				936327BF1763C25B00146C8A /* ApplicationController.m in Sources */,
				936327D01764287100146C8A /* StreamListViewController.m in Sources */,
				938CD21618A5C4F00062C4D0 /* MainWindowController.m in Sources */,
				936327D51764468500146C8A /* StreamListItemView.m in Sources */,
				938CD22218AB3A370062C4D0 /* AccountManager.m in Sources */,
				93C0A7A418B7FBDE005943E8 /* StreamListView.m in Sources */,
				938CD23018AD7E5D0062C4D0 /* SHWindowController.m in Sources */,
				93C0A7D418B9A9D2005943E8 /* ProfileButtonCell.m in Sources */,
				936327DB1764F9BB00146C8A /* Channel.m in Sources */,
				936327E11765268200146C8A /* TwitchAPIClient.m in Sources */,
				93462A04177CA6FA00C928CA /* NSAttributedString+Hyperlink.m in Sources */,
				93A3A12217658ED200913C9A /* LoginViewController.m in Sources */,
				93A3A12B17679C8100913C9A /* LoginView.m in Sources */,
				939A7B701783723D009121D6 /* LoadingView.m in Sources */,
				93A3A1301768071C00913C9A /* User.m in Sources */,
				938CD23918AE188A0062C4D0 /* StreamViewModel.m in Sources */,
				938CD23618AE116E0062C4D0 /* StreamViewerViewController.m in Sources */,
				93A3A1331768571C00913C9A /* Constants.m in Sources */,
				93A3A1361768EA5C00913C9A /* StreamLogoImageView.m in Sources */,
				93F6770918BD50BD0064F005 /* EmptyViewerView.m in Sources */,
				938CD23C18AE22160062C4D0 /* StreamListViewModel.m in Sources */,
				938A7669177122130094A361 /* NSImage+MGCropExtensions.m in Sources */,
				938CD21F18AABA270062C4D0 /* UserViewModel.m in Sources */,
				933EC0EC177C1F210041D020 /* AboutView.m in Sources */,
				939E8B6B177161A8006D6442 /* LightShadowTextField.m in Sources */,
				936314181785346300AED886 /* NSView+Animations.m in Sources */,
				939E8B8E17727456006D6442 /* UserImageView.m in Sources */,
				93D15BAC17736ED900643D95 /* GeneralViewController.m in Sources */,
				934C25E01777639E0038E5DB /* NSImageView+AFNetworking.m in Sources */,
				931E252A1778B7B20081162C /* EmptyErrorView.m in Sources */,
				931E253C17790FC20081162C /* NSLayoutConstraint+Equations.m in Sources */,
				931E254217791FC70081162C /* InnerShadowView.m in Sources */,
				9310D0F01780FBA80052C25C /* MainWindow.m in Sources */,
				93C0A7A718B81E25005943E8 /* JLNFadingScrollView.m in Sources */,
				935378F2177A010B0069AEFC /* NSView+SHExtensions.m in Sources */,
				93C0A7AA18B824BB005943E8 /* StreamViewerView.m in Sources */,
				93C0A7DA18BAC545005943E8 /* StreamListSectionView.m in Sources */,
				935378F9177B696F0069AEFC /* LoginRequiredView.m in Sources */,
				93C0A7D718B9B02B005943E8 /* FollowButtonCell.m in Sources */,
				9394113B178896E4003D1346 /* NSWindow+SHExtensions.m in Sources */,
			);
			runOnlyForDeploymentPostprocessing = 0;
		};
		93BE57BF1773D941008CB04E /* Sources */ = {
			isa = PBXSourcesBuildPhase;
			buildActionMask = 2147483647;
			files = (
				93BE57CC1773D941008CB04E /* main.m in Sources */,
				93BE57D31773D941008CB04E /* ApplicationDelegate.m in Sources */,
			);
			runOnlyForDeploymentPostprocessing = 0;
		};
/* End PBXSourcesBuildPhase section */

/* Begin PBXTargetDependency section */
		934D109418C675CB007D3E6F /* PBXTargetDependency */ = {
			isa = PBXTargetDependency;
			name = Butter;
			targetProxy = 934D109318C675CB007D3E6F /* PBXContainerItemProxy */;
		};
/* End PBXTargetDependency section */

/* Begin PBXVariantGroup section */
		932C29BE1761AF460049EC1B /* Credits.rtf */ = {
			isa = PBXVariantGroup;
			children = (
				932C29BF1761AF460049EC1B /* en */,
			);
			name = Credits.rtf;
			sourceTree = SOURCE_ROOT;
		};
		932C29C01761AF460049EC1B /* InfoPlist.strings */ = {
			isa = PBXVariantGroup;
			children = (
				932C29C11761AF460049EC1B /* en */,
			);
			name = InfoPlist.strings;
			sourceTree = SOURCE_ROOT;
		};
		93636A7D1761B03D00980570 /* Menu.xib */ = {
			isa = PBXVariantGroup;
			children = (
				93636A7E1761B03D00980570 /* en */,
			);
			name = Menu.xib;
			sourceTree = SOURCE_ROOT;
		};
		93BE57C81773D941008CB04E /* InfoPlist.strings */ = {
			isa = PBXVariantGroup;
			children = (
				93BE57C91773D941008CB04E /* en */,
			);
			name = InfoPlist.strings;
			sourceTree = "<group>";
		};
		93BE57CE1773D941008CB04E /* Credits.rtf */ = {
			isa = PBXVariantGroup;
			children = (
				93BE57CF1773D941008CB04E /* en */,
			);
			name = Credits.rtf;
			sourceTree = "<group>";
		};
		93BE57D41773D941008CB04E /* Menu.xib */ = {
			isa = PBXVariantGroup;
			children = (
				93BE57D51773D941008CB04E /* en */,
			);
			name = Menu.xib;
			sourceTree = "<group>";
		};
/* End PBXVariantGroup section */

/* Begin XCBuildConfiguration section */
		932C29B11761AE0B0049EC1B /* Debug */ = {
			isa = XCBuildConfiguration;
			buildSettings = {
				ALWAYS_SEARCH_USER_PATHS = NO;
				CLANG_CXX_LANGUAGE_STANDARD = "gnu++0x";
				CLANG_CXX_LIBRARY = "libc++";
				CLANG_ENABLE_OBJC_ARC = YES;
				CLANG_WARN_CONSTANT_CONVERSION = YES;
				CLANG_WARN_EMPTY_BODY = YES;
				CLANG_WARN_ENUM_CONVERSION = YES;
				CLANG_WARN_INT_CONVERSION = YES;
				CLANG_WARN__DUPLICATE_METHOD_MATCH = YES;
				CODE_SIGN_IDENTITY = "Mac Developer";
				COPY_PHASE_STRIP = NO;
				GCC_C_LANGUAGE_STANDARD = gnu99;
				GCC_DYNAMIC_NO_PIC = NO;
				GCC_ENABLE_OBJC_EXCEPTIONS = YES;
				GCC_OPTIMIZATION_LEVEL = 0;
				GCC_PREPROCESSOR_DEFINITIONS = (
					"DEBUG=1",
					"$(inherited)",
				);
				GCC_SYMBOLS_PRIVATE_EXTERN = NO;
				GCC_WARN_64_TO_32_BIT_CONVERSION = YES;
				GCC_WARN_ABOUT_RETURN_TYPE = YES;
				GCC_WARN_UNINITIALIZED_AUTOS = YES;
				GCC_WARN_UNUSED_VARIABLE = YES;
				MACOSX_DEPLOYMENT_TARGET = 10.8;
				ONLY_ACTIVE_ARCH = YES;
				PROVISIONING_PROFILE = "";
				SDKROOT = "";
				STRIP_INSTALLED_PRODUCT = NO;
				VALID_ARCHS = x86_64;
			};
			name = Debug;
		};
		932C29B21761AE0B0049EC1B /* Release */ = {
			isa = XCBuildConfiguration;
			buildSettings = {
				ALWAYS_SEARCH_USER_PATHS = NO;
				CLANG_CXX_LANGUAGE_STANDARD = "gnu++0x";
				CLANG_CXX_LIBRARY = "libc++";
				CLANG_ENABLE_OBJC_ARC = YES;
				CLANG_WARN_CONSTANT_CONVERSION = YES;
				CLANG_WARN_EMPTY_BODY = YES;
				CLANG_WARN_ENUM_CONVERSION = YES;
				CLANG_WARN_INT_CONVERSION = YES;
				CLANG_WARN__DUPLICATE_METHOD_MATCH = YES;
				CODE_SIGN_IDENTITY = "3rd Party Mac Developer Application";
				COPY_PHASE_STRIP = YES;
				DEBUG_INFORMATION_FORMAT = "dwarf-with-dsym";
				GCC_C_LANGUAGE_STANDARD = gnu99;
				GCC_ENABLE_OBJC_EXCEPTIONS = YES;
				GCC_WARN_64_TO_32_BIT_CONVERSION = YES;
				GCC_WARN_ABOUT_RETURN_TYPE = YES;
				GCC_WARN_UNINITIALIZED_AUTOS = YES;
				GCC_WARN_UNUSED_VARIABLE = YES;
				MACOSX_DEPLOYMENT_TARGET = 10.8;
				ONLY_ACTIVE_ARCH = NO;
				PROVISIONING_PROFILE = "";
				SDKROOT = "";
				STRIP_INSTALLED_PRODUCT = NO;
				VALID_ARCHS = x86_64;
			};
			name = Release;
		};
		932C29B41761AE0B0049EC1B /* Debug */ = {
			isa = XCBuildConfiguration;
			baseConfigurationReference = AF671BDFC2FC4B05989329A6 /* Pods.xcconfig */;
			buildSettings = {
				CODE_SIGN_IDENTITY = "-";
				COMBINE_HIDPI_IMAGES = YES;
				GCC_PRECOMPILE_PREFIX_HEADER = YES;
				GCC_PREFIX_HEADER = Prefix.pch;
				INFOPLIST_FILE = Info.plist;
				LD_RUNPATH_SEARCH_PATHS = "@executable_path/../Frameworks ";
				MACOSX_DEPLOYMENT_TARGET = 10.8;
				OTHER_CODE_SIGN_FLAGS = "--deep";
				PRODUCT_NAME = "$(TARGET_NAME)";
				PROVISIONING_PROFILE = "80F46D9E-0188-4E64-9DC3-C016A9D68852";
				SDKROOT = macosx;
				WRAPPER_EXTENSION = app;
			};
			name = Debug;
		};
		932C29B51761AE0B0049EC1B /* Release */ = {
			isa = XCBuildConfiguration;
			baseConfigurationReference = AF671BDFC2FC4B05989329A6 /* Pods.xcconfig */;
			buildSettings = {
				CODE_SIGN_IDENTITY = "-";
				COMBINE_HIDPI_IMAGES = YES;
				COPY_PHASE_STRIP = NO;
				GCC_PRECOMPILE_PREFIX_HEADER = YES;
				GCC_PREFIX_HEADER = Prefix.pch;
				INFOPLIST_FILE = Info.plist;
				LD_RUNPATH_SEARCH_PATHS = "@executable_path/../Frameworks ";
				MACOSX_DEPLOYMENT_TARGET = 10.8;
				OTHER_CODE_SIGN_FLAGS = "--deep";
				PRODUCT_NAME = "$(TARGET_NAME)";
				PROVISIONING_PROFILE = "80F46D9E-0188-4E64-9DC3-C016A9D68852";
				SDKROOT = macosx;
				WRAPPER_EXTENSION = app;
			};
			name = Release;
		};
		93BE57D81773D941008CB04E /* Debug */ = {
			isa = XCBuildConfiguration;
			buildSettings = {
				CODE_SIGN_ENTITLEMENTS = ShiverHelper.entitlements;
				CODE_SIGN_IDENTITY = "";
				COMBINE_HIDPI_IMAGES = YES;
				GCC_PRECOMPILE_PREFIX_HEADER = YES;
				GCC_PREFIX_HEADER = Helper/Prefix.pch;
				INFOPLIST_FILE = "$(SRCROOT)/Helper/Info.plist";
				PRODUCT_NAME = "$(TARGET_NAME)";
				PROVISIONING_PROFILE = "AC774B37-E5CD-46A5-91EC-A896A35B10A7";
				SDKROOT = macosx;
				SKIP_INSTALL = YES;
				WRAPPER_EXTENSION = app;
			};
			name = Debug;
		};
		93BE57D91773D941008CB04E /* Release */ = {
			isa = XCBuildConfiguration;
			buildSettings = {
				CODE_SIGN_ENTITLEMENTS = ShiverHelper.entitlements;
				CODE_SIGN_IDENTITY = "";
				COMBINE_HIDPI_IMAGES = YES;
				GCC_PRECOMPILE_PREFIX_HEADER = YES;
				GCC_PREFIX_HEADER = Helper/Prefix.pch;
				INFOPLIST_FILE = "$(SRCROOT)/Helper/Info.plist";
				PRODUCT_NAME = "$(TARGET_NAME)";
				PROVISIONING_PROFILE = "AC774B37-E5CD-46A5-91EC-A896A35B10A7";
				SDKROOT = macosx;
				SKIP_INSTALL = YES;
				WRAPPER_EXTENSION = app;
			};
			name = Release;
		};
/* End XCBuildConfiguration section */

/* Begin XCConfigurationList section */
		932C29911761AE0B0049EC1B /* Build configuration list for PBXProject "Shiver" */ = {
			isa = XCConfigurationList;
			buildConfigurations = (
				932C29B11761AE0B0049EC1B /* Debug */,
				932C29B21761AE0B0049EC1B /* Release */,
			);
			defaultConfigurationIsVisible = 0;
			defaultConfigurationName = Release;
		};
		932C29B31761AE0B0049EC1B /* Build configuration list for PBXNativeTarget "Shiver" */ = {
			isa = XCConfigurationList;
			buildConfigurations = (
				932C29B41761AE0B0049EC1B /* Debug */,
				932C29B51761AE0B0049EC1B /* Release */,
			);
			defaultConfigurationIsVisible = 0;
			defaultConfigurationName = Release;
		};
		93BE57D71773D941008CB04E /* Build configuration list for PBXNativeTarget "ShiverHelper" */ = {
			isa = XCConfigurationList;
			buildConfigurations = (
				93BE57D81773D941008CB04E /* Debug */,
				93BE57D91773D941008CB04E /* Release */,
			);
			defaultConfigurationIsVisible = 0;
			defaultConfigurationName = Release;
		};
/* End XCConfigurationList section */
	};
	rootObject = 932C298E1761AE0B0049EC1B /* Project object */;
}
