// !$*UTF8*$!
{
	archiveVersion = 1;
	classes = {
	};
	objectVersion = 60;
	objects = {

/* Begin PBXBuildFile section */
		E359C39B2C33DB9C00B085C4 /* ShiverApp.swift in Sources */ = {isa = PBXBuildFile; fileRef = E359C39A2C33DB9C00B085C4 /* ShiverApp.swift */; };
		E359C39D2C33DB9C00B085C4 /* ContentView.swift in Sources */ = {isa = PBXBuildFile; fileRef = E359C39C2C33DB9C00B085C4 /* ContentView.swift */; };
		E359C39F2C33DB9C00B085C4 /* Item.swift in Sources */ = {isa = PBXBuildFile; fileRef = E359C39E2C33DB9C00B085C4 /* Item.swift */; };
		E359C3A12C33DB9C00B085C4 /* Assets.xcassets in Resources */ = {isa = PBXBuildFile; fileRef = E359C3A02C33DB9C00B085C4 /* Assets.xcassets */; };
		E359C3A42C33DB9C00B085C4 /* Preview Assets.xcassets in Resources */ = {isa = PBXBuildFile; fileRef = E359C3A32C33DB9C00B085C4 /* Preview Assets.xcassets */; };
		E3E201E72C345C2E0091BB15 /* SidebarView.swift in Sources */ = {isa = PBXBuildFile; fileRef = E3E201E62C345C2E0091BB15 /* SidebarView.swift */; };
		E3E201E92C345D9A0091BB15 /* MainView.swift in Sources */ = {isa = PBXBuildFile; fileRef = E3E201E82C345D9A0091BB15 /* MainView.swift */; };
/* End PBXBuildFile section */

/* Begin PBXFileReference section */
		E359C3972C33DB9C00B085C4 /* Shiver.app */ = {isa = PBXFileReference; explicitFileType = wrapper.application; includeInIndex = 0; path = Shiver.app; sourceTree = BUILT_PRODUCTS_DIR; };
		E359C39A2C33DB9C00B085C4 /* ShiverApp.swift */ = {isa = PBXFileReference; lastKnownFileType = sourcecode.swift; path = ShiverApp.swift; sourceTree = "<group>"; };
		E359C39C2C33DB9C00B085C4 /* ContentView.swift */ = {isa = PBXFileReference; lastKnownFileType = sourcecode.swift; path = ContentView.swift; sourceTree = "<group>"; };
		E359C39E2C33DB9C00B085C4 /* Item.swift */ = {isa = PBXFileReference; lastKnownFileType = sourcecode.swift; path = Item.swift; sourceTree = "<group>"; };
		E359C3A02C33DB9C00B085C4 /* Assets.xcassets */ = {isa = PBXFileReference; lastKnownFileType = folder.assetcatalog; path = Assets.xcassets; sourceTree = "<group>"; };
		E359C3A32C33DB9C00B085C4 /* Preview Assets.xcassets */ = {isa = PBXFileReference; lastKnownFileType = folder.assetcatalog; path = "Preview Assets.xcassets"; sourceTree = "<group>"; };
		E359C3A52C33DB9C00B085C4 /* Shiver.entitlements */ = {isa = PBXFileReference; lastKnownFileType = text.plist.entitlements; path = Shiver.entitlements; sourceTree = "<group>"; };
		E3E201E62C345C2E0091BB15 /* SidebarView.swift */ = {isa = PBXFileReference; lastKnownFileType = sourcecode.swift; path = SidebarView.swift; sourceTree = "<group>"; };
		E3E201E82C345D9A0091BB15 /* MainView.swift */ = {isa = PBXFileReference; lastKnownFileType = sourcecode.swift; path = MainView.swift; sourceTree = "<group>"; };
/* End PBXFileReference section */

/* Begin PBXFrameworksBuildPhase section */
		E359C3942C33DB9C00B085C4 /* Frameworks */ = {
			isa = PBXFrameworksBuildPhase;
			buildActionMask = 2147483647;
			files = (
			);
			runOnlyForDeploymentPostprocessing = 0;
		};
/* End PBXFrameworksBuildPhase section */

/* Begin PBXGroup section */
		E359C38E2C33DB9C00B085C4 = {
			isa = PBXGroup;
			children = (
				E359C3992C33DB9C00B085C4 /* Shiver */,
				E359C3982C33DB9C00B085C4 /* Products */,
			);
			sourceTree = "<group>";
			usesTabs = 0;
		};
		E359C3982C33DB9C00B085C4 /* Products */ = {
			isa = PBXGroup;
			children = (
				E359C3972C33DB9C00B085C4 /* Shiver.app */,
			);
			name = Products;
			sourceTree = "<group>";
		};
		E359C3992C33DB9C00B085C4 /* Shiver */ = {
			isa = PBXGroup;
			children = (
				E359C39A2C33DB9C00B085C4 /* ShiverApp.swift */,
				E359C39C2C33DB9C00B085C4 /* ContentView.swift */,
				E3E201E62C345C2E0091BB15 /* SidebarView.swift */,
				E3E201E82C345D9A0091BB15 /* MainView.swift */,
				E359C39E2C33DB9C00B085C4 /* Item.swift */,
				E359C3A02C33DB9C00B085C4 /* Assets.xcassets */,
				E359C3A52C33DB9C00B085C4 /* Shiver.entitlements */,
				E359C3A22C33DB9C00B085C4 /* Preview Content */,
			);
			path = Shiver;
			sourceTree = "<group>";
		};
		E359C3A22C33DB9C00B085C4 /* Preview Content */ = {
			isa = PBXGroup;
			children = (
				E359C3A32C33DB9C00B085C4 /* Preview Assets.xcassets */,
			);
			path = "Preview Content";
			sourceTree = "<group>";
		};
/* End PBXGroup section */

/* Begin PBXNativeTarget section */
		E359C3962C33DB9C00B085C4 /* Shiver */ = {
			isa = PBXNativeTarget;
			buildConfigurationList = E359C3A82C33DB9C00B085C4 /* Build configuration list for PBXNativeTarget "Shiver" */;
			buildPhases = (
				E359C3932C33DB9C00B085C4 /* Sources */,
				E359C3942C33DB9C00B085C4 /* Frameworks */,
				E359C3952C33DB9C00B085C4 /* Resources */,
			);
			buildRules = (
			);
			dependencies = (
			);
			name = Shiver;
			productName = Shiver;
			productReference = E359C3972C33DB9C00B085C4 /* Shiver.app */;
			productType = "com.apple.product-type.application";
		};
/* End PBXNativeTarget section */

/* Begin PBXProject section */
		E359C38F2C33DB9C00B085C4 /* Project object */ = {
			isa = PBXProject;
			attributes = {
				BuildIndependentTargetsInParallel = 1;
				LastSwiftUpdateCheck = 1540;
				LastUpgradeCheck = 1540;
				TargetAttributes = {
					E359C3962C33DB9C00B085C4 = {
						CreatedOnToolsVersion = 15.4;
					};
				};
			};
			buildConfigurationList = E359C3922C33DB9C00B085C4 /* Build configuration list for PBXProject "Shiver" */;
			compatibilityVersion = "Xcode 15.0";
			developmentRegion = en;
			hasScannedForEncodings = 0;
			knownRegions = (
				en,
				Base,
			);
			mainGroup = E359C38E2C33DB9C00B085C4;
			productRefGroup = E359C3982C33DB9C00B085C4 /* Products */;
			projectDirPath = "";
			projectRoot = "";
			targets = (
				E359C3962C33DB9C00B085C4 /* Shiver */,
			);
		};
/* End PBXProject section */

/* Begin PBXResourcesBuildPhase section */
		E359C3952C33DB9C00B085C4 /* Resources */ = {
			isa = PBXResourcesBuildPhase;
			buildActionMask = 2147483647;
			files = (
				E359C3A42C33DB9C00B085C4 /* Preview Assets.xcassets in Resources */,
				E359C3A12C33DB9C00B085C4 /* Assets.xcassets in Resources */,
			);
			runOnlyForDeploymentPostprocessing = 0;
		};
/* End PBXResourcesBuildPhase section */

/* Begin PBXSourcesBuildPhase section */
		E359C3932C33DB9C00B085C4 /* Sources */ = {
			isa = PBXSourcesBuildPhase;
			buildActionMask = 2147483647;
			files = (
				E359C39D2C33DB9C00B085C4 /* ContentView.swift in Sources */,
				E3E201E72C345C2E0091BB15 /* SidebarView.swift in Sources */,
				E359C39F2C33DB9C00B085C4 /* Item.swift in Sources */,
				E3E201E92C345D9A0091BB15 /* MainView.swift in Sources */,
				E359C39B2C33DB9C00B085C4 /* ShiverApp.swift in Sources */,
			);
			runOnlyForDeploymentPostprocessing = 0;
		};
/* End PBXSourcesBuildPhase section */

/* Begin XCBuildConfiguration section */
		E359C3A62C33DB9C00B085C4 /* Debug */ = {
			isa = XCBuildConfiguration;
			buildSettings = {
				ALWAYS_SEARCH_USER_PATHS = NO;
				ASSETCATALOG_COMPILER_GENERATE_SWIFT_ASSET_SYMBOL_EXTENSIONS = YES;
				CLANG_ANALYZER_NONNULL = YES;
				CLANG_ANALYZER_NUMBER_OBJECT_CONVERSION = YES_AGGRESSIVE;
				CLANG_CXX_LANGUAGE_STANDARD = "gnu++20";
				CLANG_ENABLE_MODULES = YES;
				CLANG_ENABLE_OBJC_ARC = YES;
				CLANG_ENABLE_OBJC_WEAK = YES;
				CLANG_WARN_BLOCK_CAPTURE_AUTORELEASING = YES;
				CLANG_WARN_BOOL_CONVERSION = YES;
				CLANG_WARN_COMMA = YES;
				CLANG_WARN_CONSTANT_CONVERSION = YES;
				CLANG_WARN_DEPRECATED_OBJC_IMPLEMENTATIONS = YES;
				CLANG_WARN_DIRECT_OBJC_ISA_USAGE = YES_ERROR;
				CLANG_WARN_DOCUMENTATION_COMMENTS = YES;
				CLANG_WARN_EMPTY_BODY = YES;
				CLANG_WARN_ENUM_CONVERSION = YES;
				CLANG_WARN_INFINITE_RECURSION = YES;
				CLANG_WARN_INT_CONVERSION = YES;
				CLANG_WARN_NON_LITERAL_NULL_CONVERSION = YES;
				CLANG_WARN_OBJC_IMPLICIT_RETAIN_SELF = YES;
				CLANG_WARN_OBJC_LITERAL_CONVERSION = YES;
				CLANG_WARN_OBJC_ROOT_CLASS = YES_ERROR;
				CLANG_WARN_QUOTED_INCLUDE_IN_FRAMEWORK_HEADER = YES;
				CLANG_WARN_RANGE_LOOP_ANALYSIS = YES;
				CLANG_WARN_STRICT_PROTOTYPES = YES;
				CLANG_WARN_SUSPICIOUS_MOVE = YES;
				CLANG_WARN_UNGUARDED_AVAILABILITY = YES_AGGRESSIVE;
				CLANG_WARN_UNREACHABLE_CODE = YES;
				CLANG_WARN__DUPLICATE_METHOD_MATCH = YES;
				COPY_PHASE_STRIP = NO;
				DEBUG_INFORMATION_FORMAT = dwarf;
				ENABLE_STRICT_OBJC_MSGSEND = YES;
				ENABLE_TESTABILITY = YES;
				ENABLE_USER_SCRIPT_SANDBOXING = YES;
				GCC_C_LANGUAGE_STANDARD = gnu17;
				GCC_DYNAMIC_NO_PIC = NO;
				GCC_NO_COMMON_BLOCKS = YES;
				GCC_OPTIMIZATION_LEVEL = 0;
				GCC_PREPROCESSOR_DEFINITIONS = (
					"DEBUG=1",
					"$(inherited)",
				);
				GCC_WARN_64_TO_32_BIT_CONVERSION = YES;
				GCC_WARN_ABOUT_RETURN_TYPE = YES_ERROR;
				GCC_WARN_UNDECLARED_SELECTOR = YES;
				GCC_WARN_UNINITIALIZED_AUTOS = YES_AGGRESSIVE;
				GCC_WARN_UNUSED_FUNCTION = YES;
				GCC_WARN_UNUSED_VARIABLE = YES;
				LOCALIZATION_PREFERS_STRING_CATALOGS = YES;
				MACOSX_DEPLOYMENT_TARGET = 14.5;
				MTL_ENABLE_DEBUG_INFO = INCLUDE_SOURCE;
				MTL_FAST_MATH = YES;
				ONLY_ACTIVE_ARCH = YES;
				SDKROOT = macosx;
				SWIFT_ACTIVE_COMPILATION_CONDITIONS = "DEBUG $(inherited)";
				SWIFT_OPTIMIZATION_LEVEL = "-Onone";
			};
			name = Debug;
		};
		E359C3A72C33DB9C00B085C4 /* Release */ = {
			isa = XCBuildConfiguration;
			buildSettings = {
				ALWAYS_SEARCH_USER_PATHS = NO;
				ASSETCATALOG_COMPILER_GENERATE_SWIFT_ASSET_SYMBOL_EXTENSIONS = YES;
				CLANG_ANALYZER_NONNULL = YES;
				CLANG_ANALYZER_NUMBER_OBJECT_CONVERSION = YES_AGGRESSIVE;
				CLANG_CXX_LANGUAGE_STANDARD = "gnu++20";
				CLANG_ENABLE_MODULES = YES;
				CLANG_ENABLE_OBJC_ARC = YES;
				CLANG_ENABLE_OBJC_WEAK = YES;
				CLANG_WARN_BLOCK_CAPTURE_AUTORELEASING = YES;
				CLANG_WARN_BOOL_CONVERSION = YES;
				CLANG_WARN_COMMA = YES;
				CLANG_WARN_CONSTANT_CONVERSION = YES;
				CLANG_WARN_DEPRECATED_OBJC_IMPLEMENTATIONS = YES;
				CLANG_WARN_DIRECT_OBJC_ISA_USAGE = YES_ERROR;
				CLANG_WARN_DOCUMENTATION_COMMENTS = YES;
				CLANG_WARN_EMPTY_BODY = YES;
				CLANG_WARN_ENUM_CONVERSION = YES;
				CLANG_WARN_INFINITE_RECURSION = YES;
				CLANG_WARN_INT_CONVERSION = YES;
				CLANG_WARN_NON_LITERAL_NULL_CONVERSION = YES;
				CLANG_WARN_OBJC_IMPLICIT_RETAIN_SELF = YES;
				CLANG_WARN_OBJC_LITERAL_CONVERSION = YES;
				CLANG_WARN_OBJC_ROOT_CLASS = YES_ERROR;
				CLANG_WARN_QUOTED_INCLUDE_IN_FRAMEWORK_HEADER = YES;
				CLANG_WARN_RANGE_LOOP_ANALYSIS = YES;
				CLANG_WARN_STRICT_PROTOTYPES = YES;
				CLANG_WARN_SUSPICIOUS_MOVE = YES;
				CLANG_WARN_UNGUARDED_AVAILABILITY = YES_AGGRESSIVE;
				CLANG_WARN_UNREACHABLE_CODE = YES;
				CLANG_WARN__DUPLICATE_METHOD_MATCH = YES;
				COPY_PHASE_STRIP = NO;
				DEBUG_INFORMATION_FORMAT = "dwarf-with-dsym";
				ENABLE_NS_ASSERTIONS = NO;
				ENABLE_STRICT_OBJC_MSGSEND = YES;
				ENABLE_USER_SCRIPT_SANDBOXING = YES;
				GCC_C_LANGUAGE_STANDARD = gnu17;
				GCC_NO_COMMON_BLOCKS = YES;
				GCC_WARN_64_TO_32_BIT_CONVERSION = YES;
				GCC_WARN_ABOUT_RETURN_TYPE = YES_ERROR;
				GCC_WARN_UNDECLARED_SELECTOR = YES;
				GCC_WARN_UNINITIALIZED_AUTOS = YES_AGGRESSIVE;
				GCC_WARN_UNUSED_FUNCTION = YES;
				GCC_WARN_UNUSED_VARIABLE = YES;
				LOCALIZATION_PREFERS_STRING_CATALOGS = YES;
				MACOSX_DEPLOYMENT_TARGET = 14.5;
				MTL_ENABLE_DEBUG_INFO = NO;
				MTL_FAST_MATH = YES;
				SDKROOT = macosx;
				SWIFT_COMPILATION_MODE = wholemodule;
			};
			name = Release;
		};
		E359C3A92C33DB9C00B085C4 /* Debug */ = {
			isa = XCBuildConfiguration;
			buildSettings = {
				ASSETCATALOG_COMPILER_APPICON_NAME = AppIcon;
				ASSETCATALOG_COMPILER_GLOBAL_ACCENT_COLOR_NAME = AccentColor;
				CODE_SIGN_ENTITLEMENTS = Shiver/Shiver.entitlements;
				"CODE_SIGN_IDENTITY[sdk=macosx*]" = "Apple Development";
				CODE_SIGN_STYLE = Automatic;
				COMBINE_HIDPI_IMAGES = YES;
				CURRENT_PROJECT_VERSION = 1;
				DEVELOPMENT_ASSET_PATHS = "\"Shiver/Preview Content\"";
				DEVELOPMENT_TEAM = GSPJH236WZ;
				ENABLE_HARDENED_RUNTIME = YES;
				ENABLE_PREVIEWS = YES;
				GENERATE_INFOPLIST_FILE = YES;
				INFOPLIST_KEY_CFBundleDisplayName = Shiver;
				INFOPLIST_KEY_LSApplicationCategoryType = "public.app-category.entertainment";
				INFOPLIST_KEY_NSHumanReadableCopyright = "";
				LD_RUNPATH_SEARCH_PATHS = (
					"$(inherited)",
					"@executable_path/../Frameworks",
				);
				MACOSX_DEPLOYMENT_TARGET = 14.0;
				MARKETING_VERSION = 1.0;
				PRODUCT_BUNDLE_IDENTIFIER = com.omnypro.shiver;
				PRODUCT_NAME = "$(TARGET_NAME)";
				SWIFT_EMIT_LOC_STRINGS = YES;
				SWIFT_VERSION = 5.0;
			};
			name = Debug;
		};
		E359C3AA2C33DB9C00B085C4 /* Release */ = {
			isa = XCBuildConfiguration;
			buildSettings = {
				ASSETCATALOG_COMPILER_APPICON_NAME = AppIcon;
				ASSETCATALOG_COMPILER_GLOBAL_ACCENT_COLOR_NAME = AccentColor;
				CODE_SIGN_ENTITLEMENTS = Shiver/Shiver.entitlements;
				"CODE_SIGN_IDENTITY[sdk=macosx*]" = "Apple Development";
				CODE_SIGN_STYLE = Automatic;
				COMBINE_HIDPI_IMAGES = YES;
				CURRENT_PROJECT_VERSION = 1;
				DEVELOPMENT_ASSET_PATHS = "\"Shiver/Preview Content\"";
				DEVELOPMENT_TEAM = GSPJH236WZ;
				ENABLE_HARDENED_RUNTIME = YES;
				ENABLE_PREVIEWS = YES;
				GENERATE_INFOPLIST_FILE = YES;
				INFOPLIST_KEY_CFBundleDisplayName = Shiver;
				INFOPLIST_KEY_LSApplicationCategoryType = "public.app-category.entertainment";
				INFOPLIST_KEY_NSHumanReadableCopyright = "";
				LD_RUNPATH_SEARCH_PATHS = (
					"$(inherited)",
					"@executable_path/../Frameworks",
				);
				MACOSX_DEPLOYMENT_TARGET = 14.0;
				MARKETING_VERSION = 1.0;
				PRODUCT_BUNDLE_IDENTIFIER = com.omnypro.shiver;
				PRODUCT_NAME = "$(TARGET_NAME)";
				SWIFT_EMIT_LOC_STRINGS = YES;
				SWIFT_VERSION = 5.0;
			};
			name = Release;
		};
/* End XCBuildConfiguration section */

/* Begin XCConfigurationList section */
		E359C3922C33DB9C00B085C4 /* Build configuration list for PBXProject "Shiver" */ = {
			isa = XCConfigurationList;
			buildConfigurations = (
				E359C3A62C33DB9C00B085C4 /* Debug */,
				E359C3A72C33DB9C00B085C4 /* Release */,
			);
			defaultConfigurationIsVisible = 0;
			defaultConfigurationName = Release;
		};
		E359C3A82C33DB9C00B085C4 /* Build configuration list for PBXNativeTarget "Shiver" */ = {
			isa = XCConfigurationList;
			buildConfigurations = (
				E359C3A92C33DB9C00B085C4 /* Debug */,
				E359C3AA2C33DB9C00B085C4 /* Release */,
			);
			defaultConfigurationIsVisible = 0;
			defaultConfigurationName = Release;
		};
/* End XCConfigurationList section */
	};
	rootObject = E359C38F2C33DB9C00B085C4 /* Project object */;
}
